// !$*UTF8*$!
{
	archiveVersion = 1;
	classes = {
	};
	objectVersion = 54;
	objects = {

/* Begin PBXBuildFile section */
		00E356F31AD99517003FC87E /* pakubuwonoresidenceTests.m in Sources */ = {isa = PBXBuildFile; fileRef = 00E356F21AD99517003FC87E /* pakubuwonoresidenceTests.m */; };
		13B07FBC1A68108700A75B9A /* AppDelegate.m in Sources */ = {isa = PBXBuildFile; fileRef = 13B07FB01A68108700A75B9A /* AppDelegate.m */; };
		13B07FBF1A68108700A75B9A /* Images.xcassets in Resources */ = {isa = PBXBuildFile; fileRef = 13B07FB51A68108700A75B9A /* Images.xcassets */; };
		13B07FC11A68108700A75B9A /* main.m in Sources */ = {isa = PBXBuildFile; fileRef = 13B07FB71A68108700A75B9A /* main.m */; };
		81AB9BB82411601600AC10FF /* LaunchScreen.storyboard in Resources */ = {isa = PBXBuildFile; fileRef = 81AB9BB72411601600AC10FF /* LaunchScreen.storyboard */; };
		98E591BF351E076F11636698 /* libPods-pakubuwonoresidence.a in Frameworks */ = {isa = PBXBuildFile; fileRef = DFA28E7E09667F49B442824B /* libPods-pakubuwonoresidence.a */; };
		A17A60A82F3C96B3FD2FCDE3 /* libPods-pakubuwonoresidence-pakubuwonoresidenceTests.a in Frameworks */ = {isa = PBXBuildFile; fileRef = 11BE2F46AC4336046E9E49E6 /* libPods-pakubuwonoresidence-pakubuwonoresidenceTests.a */; };
		E04811ED3BF94E1AB3C0C425 /* DMSerifDisplay-Regular.ttf in Resources */ = {isa = PBXBuildFile; fileRef = 4A8B7654208247AF8AF624DD /* DMSerifDisplay-Regular.ttf */; };
		F6E928868A774F1499DF48B2 /* KaiseiHarunoUmi-Bold.ttf in Resources */ = {isa = PBXBuildFile; fileRef = 1B8D8AB5B75F4205B9A7B229 /* KaiseiHarunoUmi-Bold.ttf */; };
		55F06DD7D2F248A98134B545 /* KaiseiHarunoUmi-Medium.ttf in Resources */ = {isa = PBXBuildFile; fileRef = 20AEF7EF2A3341CDAC8D768A /* KaiseiHarunoUmi-Medium.ttf */; };
		8EBC583BB7C24321BA956B45 /* KaiseiHarunoUmi-Regular.ttf in Resources */ = {isa = PBXBuildFile; fileRef = A71AE94E31B04B4EA53D4078 /* KaiseiHarunoUmi-Regular.ttf */; };
		4ACFD91597C04AD3A8FD2FFD /* Merriweather-Black.ttf in Resources */ = {isa = PBXBuildFile; fileRef = 6A757785C7C94C03B6B05B6B /* Merriweather-Black.ttf */; };
		690E8C4E845B4D509EEC43CE /* Merriweather-BlackItalic.ttf in Resources */ = {isa = PBXBuildFile; fileRef = 21C91F87A135400AA197EB33 /* Merriweather-BlackItalic.ttf */; };
		C674B86BA6514D4AA4F4F93B /* Merriweather-Bold.ttf in Resources */ = {isa = PBXBuildFile; fileRef = 5FD9A2A8FC5045AB90AC526A /* Merriweather-Bold.ttf */; };
		27C7853403D745AE8D313FA5 /* Merriweather-BoldItalic.ttf in Resources */ = {isa = PBXBuildFile; fileRef = A71A68D351E8461994334378 /* Merriweather-BoldItalic.ttf */; };
		EE4309A8A9F2436AB43722C1 /* Merriweather-Italic.ttf in Resources */ = {isa = PBXBuildFile; fileRef = DF306F8DAA4547F5AD472D20 /* Merriweather-Italic.ttf */; };
		9A37C9440EA74E1593C392BF /* Merriweather-Light.ttf in Resources */ = {isa = PBXBuildFile; fileRef = DA8A7E08759642E880ADA049 /* Merriweather-Light.ttf */; };
		315C660AACED4DFFAFAB53A6 /* Merriweather-LightItalic.ttf in Resources */ = {isa = PBXBuildFile; fileRef = 4919C43E01114C4BA93756C7 /* Merriweather-LightItalic.ttf */; };
		D6100F6592FA45A7B6C431B7 /* Merriweather-Regular.ttf in Resources */ = {isa = PBXBuildFile; fileRef = 5ACDE40FE88C4C7C8DBAB558 /* Merriweather-Regular.ttf */; };
		229E1CBE0D0C4C89B15AEAE4 /* Proxima-NovaBold.ttf in Resources */ = {isa = PBXBuildFile; fileRef = 0DA5FD19777E4004AEBFF1BC /* Proxima-NovaBold.ttf */; };
		C9B670535FFB4C8EA6CB4E31 /* Proxima-NovaLight.ttf in Resources */ = {isa = PBXBuildFile; fileRef = D1363FE46D47498C87AD0B2A /* Proxima-NovaLight.ttf */; };
		D37C5D76A76D41FC9AEFD908 /* Proxima-NovaReg.ttf in Resources */ = {isa = PBXBuildFile; fileRef = 02112336B344418682CA7895 /* Proxima-NovaReg.ttf */; };
		3D5B6FD51A4846AFAE4B3266 /* ProximaNova-Black.otf in Resources */ = {isa = PBXBuildFile; fileRef = EE29BBCFF2FA4E149A687B48 /* ProximaNova-Black.otf */; };
		E46E532A15254AD886F75553 /* ProximaNova-Bold.otf in Resources */ = {isa = PBXBuildFile; fileRef = C0A1A2D5B5264EEC8E8E061D /* ProximaNova-Bold.otf */; };
		9AB4A57F538A4C4EB397C695 /* ProximaNova-Extrabld.otf in Resources */ = {isa = PBXBuildFile; fileRef = D5DC09F231824023BA418E8D /* ProximaNova-Extrabld.otf */; };
		641EB84B69DF43F28C745CFD /* ProximaNova-Regular.otf in Resources */ = {isa = PBXBuildFile; fileRef = 68A3627FB92D47E9A0F70BA1 /* ProximaNova-Regular.otf */; };
		CCFCAF2922D7416BB6990AB4 /* ProximaNovaT-Thin.otf in Resources */ = {isa = PBXBuildFile; fileRef = E6B2FD5C2D7E42228CAA7B2D /* ProximaNovaT-Thin.otf */; };
		D30CF71DB3AB48AC83301AF0 /* Raleway-Black.ttf in Resources */ = {isa = PBXBuildFile; fileRef = D0AD024ECF87447494A18D45 /* Raleway-Black.ttf */; };
		49D45CC5527C480783282CD1 /* Raleway-BlackItalic.ttf in Resources */ = {isa = PBXBuildFile; fileRef = E94146E89D5E40F286FFADFE /* Raleway-BlackItalic.ttf */; };
		FB2BBF798F224DFF990621C6 /* Raleway-Bold.ttf in Resources */ = {isa = PBXBuildFile; fileRef = 7165701A5A2D4E2883A0A53E /* Raleway-Bold.ttf */; };
		C428E9117808451B8BA22518 /* Raleway-BoldItalic.ttf in Resources */ = {isa = PBXBuildFile; fileRef = 08A0925402EF4904A30EB80B /* Raleway-BoldItalic.ttf */; };
		D665767A3F074DFF817A961A /* Raleway-ExtraBold.ttf in Resources */ = {isa = PBXBuildFile; fileRef = CABF4E34020B4A9FBEF3B866 /* Raleway-ExtraBold.ttf */; };
		002409D7D435455AB363B0AD /* Raleway-ExtraBoldItalic.ttf in Resources */ = {isa = PBXBuildFile; fileRef = 494AD89E9C834706A8C19608 /* Raleway-ExtraBoldItalic.ttf */; };
		AB1B6DA709464603A35C35AB /* Raleway-ExtraLight.ttf in Resources */ = {isa = PBXBuildFile; fileRef = 4A6F5780DBA948E1A7B9E0C0 /* Raleway-ExtraLight.ttf */; };
		315ED32F14D040728628473F /* Raleway-ExtraLightItalic.ttf in Resources */ = {isa = PBXBuildFile; fileRef = 335555491B5C4BA9AEDA20DD /* Raleway-ExtraLightItalic.ttf */; };
		CFCEDBEDA790431ABC20EF17 /* Raleway-Italic.ttf in Resources */ = {isa = PBXBuildFile; fileRef = 3298B38C78784CF6806D7F9A /* Raleway-Italic.ttf */; };
		F02A1C9A1A3A4CDE9CB78CBF /* Raleway-Light.ttf in Resources */ = {isa = PBXBuildFile; fileRef = D7A2BFDD8D09488BB59079AD /* Raleway-Light.ttf */; };
		96550CDD477D4A5999F9A719 /* Raleway-LightItalic.ttf in Resources */ = {isa = PBXBuildFile; fileRef = C45E9325DCBB49208C19AD50 /* Raleway-LightItalic.ttf */; };
		F28EA1980DD746A0B220550B /* Raleway-Medium.ttf in Resources */ = {isa = PBXBuildFile; fileRef = 815E4BD3A7C14AFDA25B9A04 /* Raleway-Medium.ttf */; };
		ED35F8FA635342BEBCB305C3 /* Raleway-MediumItalic.ttf in Resources */ = {isa = PBXBuildFile; fileRef = E0D2B41B03DA4B27812A25BB /* Raleway-MediumItalic.ttf */; };
		0322476B2C944FD8B200C4DF /* Raleway-Regular.ttf in Resources */ = {isa = PBXBuildFile; fileRef = A8E7ABD7E23A4866B435E724 /* Raleway-Regular.ttf */; };
		B251A062D73C4DCEAF22620E /* Raleway-SemiBold.ttf in Resources */ = {isa = PBXBuildFile; fileRef = F531ECBFA2AC485E8D5B4071 /* Raleway-SemiBold.ttf */; };
		791E2C2C9F6D4E0B85E9CD91 /* Raleway-SemiBoldItalic.ttf in Resources */ = {isa = PBXBuildFile; fileRef = 263D7279EAC34992A58C5126 /* Raleway-SemiBoldItalic.ttf */; };
		C6292A5347214F99AE31B827 /* Raleway-Thin.ttf in Resources */ = {isa = PBXBuildFile; fileRef = 44E4B684F05147A4A5B4AC32 /* Raleway-Thin.ttf */; };
		5DCA792F4BE7406594790E79 /* Raleway-ThinItalic.ttf in Resources */ = {isa = PBXBuildFile; fileRef = 2589237E06CC4BF6B7F0B8CC /* Raleway-ThinItalic.ttf */; };
		6DE2FEF9623345A292D28760 /* Roboto-Black.ttf in Resources */ = {isa = PBXBuildFile; fileRef = F6BCE51CC18143AFB3D85200 /* Roboto-Black.ttf */; };
		B4ADC5523D2441F1BABFEB2E /* Roboto-BlackItalic.ttf in Resources */ = {isa = PBXBuildFile; fileRef = 1A50382B1EB54CC0844DCD0F /* Roboto-BlackItalic.ttf */; };
		33ECF3646AB441E8A2E066E3 /* Roboto-Bold.ttf in Resources */ = {isa = PBXBuildFile; fileRef = F543E82A6BBC4018A319BC76 /* Roboto-Bold.ttf */; };
		795E049C3B614193BA0121A9 /* Roboto-BoldItalic.ttf in Resources */ = {isa = PBXBuildFile; fileRef = A8B1E6D50C3A4A0F8C088747 /* Roboto-BoldItalic.ttf */; };
		34A85E3120324ADEA0E69493 /* Roboto-Italic.ttf in Resources */ = {isa = PBXBuildFile; fileRef = BCEC9BB911384CBFBC2A5B52 /* Roboto-Italic.ttf */; };
		6390EA0AC6A742DE8FEEA23E /* Roboto-Light.ttf in Resources */ = {isa = PBXBuildFile; fileRef = 3897D37EA8234077AD64754D /* Roboto-Light.ttf */; };
		7C8AEDCD7A834A0290C0D9B5 /* Roboto-LightItalic.ttf in Resources */ = {isa = PBXBuildFile; fileRef = D9B22F42BF6C42FF8CF3D7D9 /* Roboto-LightItalic.ttf */; };
		8333AAF10B3F43528EF833D4 /* Roboto-Medium.ttf in Resources */ = {isa = PBXBuildFile; fileRef = 688D9A24362F491A8DD79DC9 /* Roboto-Medium.ttf */; };
		DEDA06C8021C4E9B814D3495 /* Roboto-MediumItalic.ttf in Resources */ = {isa = PBXBuildFile; fileRef = B8805172D9984F3891D3E643 /* Roboto-MediumItalic.ttf */; };
		C99DDD24F8A24E0AA023BF6C /* Roboto-Regular.ttf in Resources */ = {isa = PBXBuildFile; fileRef = 441AB78FF32B467797711C3C /* Roboto-Regular.ttf */; };
		E0F04FB9DAE2432EAC39F09F /* Roboto-Thin.ttf in Resources */ = {isa = PBXBuildFile; fileRef = E61F9DF3433042C68613DEC1 /* Roboto-Thin.ttf */; };
		31C2BD2FB2EC4A69BEF31B75 /* Roboto-ThinItalic.ttf in Resources */ = {isa = PBXBuildFile; fileRef = B0A830381851452A9F674519 /* Roboto-ThinItalic.ttf */; };
		1AD952A9DE724B3CAEA8AE6B /* AntDesign.ttf in Resources */ = {isa = PBXBuildFile; fileRef = 5B748D8969AB45D48547E03F /* AntDesign.ttf */; };
		8F033A53C244450BBA2FFB12 /* Entypo.ttf in Resources */ = {isa = PBXBuildFile; fileRef = A83DBC6121484A0CA416A824 /* Entypo.ttf */; };
		49C0FD799D264FBD973C2563 /* EvilIcons.ttf in Resources */ = {isa = PBXBuildFile; fileRef = 5730E59C5F4C45209DF1BBFC /* EvilIcons.ttf */; };
		27F38AB4B9A24047BF8427AF /* Feather.ttf in Resources */ = {isa = PBXBuildFile; fileRef = 3F08A6E1305B452296DE37D4 /* Feather.ttf */; };
		3C1FA6BF08F8471F884469CA /* FontAwesome.ttf in Resources */ = {isa = PBXBuildFile; fileRef = B360B947D91541D692081B9E /* FontAwesome.ttf */; };
		5076910039F544C38B85504F /* FontAwesome5_Brands.ttf in Resources */ = {isa = PBXBuildFile; fileRef = 3BB74663E9F444CF82318DEB /* FontAwesome5_Brands.ttf */; };
		F2EC54DBCF194D3D800A481B /* FontAwesome5_Regular.ttf in Resources */ = {isa = PBXBuildFile; fileRef = FDE33A02B5DA47928417D2E4 /* FontAwesome5_Regular.ttf */; };
		2CA3A90122FC437587E865A5 /* FontAwesome5_Solid.ttf in Resources */ = {isa = PBXBuildFile; fileRef = 01C9F5F67E6B4D648437A136 /* FontAwesome5_Solid.ttf */; };
		D07994B8F24A4A2584DA5D06 /* Fontisto.ttf in Resources */ = {isa = PBXBuildFile; fileRef = D2E1B7AF25EA4431B7F1DB5A /* Fontisto.ttf */; };
		03AFBDB4B40D43ADA53F11BE /* Foundation.ttf in Resources */ = {isa = PBXBuildFile; fileRef = A0CD1A825C2142708D82FA13 /* Foundation.ttf */; };
		54D8FEFF0ACB44889952ECDF /* Ionicons.ttf in Resources */ = {isa = PBXBuildFile; fileRef = 09910D2670C940F4900396DF /* Ionicons.ttf */; };
		9D8092C554394A56A6CBA420 /* MaterialCommunityIcons.ttf in Resources */ = {isa = PBXBuildFile; fileRef = F2A6DFDA1EA4417EB77D4713 /* MaterialCommunityIcons.ttf */; };
		9114AA05F28D477EAC1EC028 /* MaterialIcons.ttf in Resources */ = {isa = PBXBuildFile; fileRef = 8366080028C045B792CDDC63 /* MaterialIcons.ttf */; };
		9EDD76C607DF496CB68509CC /* Octicons.ttf in Resources */ = {isa = PBXBuildFile; fileRef = D07B878E4C734AAE83B54C63 /* Octicons.ttf */; };
		EA9DDE2857D64CE79ABF62EA /* SimpleLineIcons.ttf in Resources */ = {isa = PBXBuildFile; fileRef = C857E5CB367F479CA115632F /* SimpleLineIcons.ttf */; };
		195D9BDC2B534B4BAD1D9862 /* Zocial.ttf in Resources */ = {isa = PBXBuildFile; fileRef = C70EA676757548D482412D6A /* Zocial.ttf */; };
/* End PBXBuildFile section */

/* Begin PBXContainerItemProxy section */
		00E356F41AD99517003FC87E /* PBXContainerItemProxy */ = {
			isa = PBXContainerItemProxy;
			containerPortal = 83CBB9F71A601CBA00E9B192 /* Project object */;
			proxyType = 1;
			remoteGlobalIDString = 13B07F861A680F5B00A75B9A;
			remoteInfo = pakubuwonoresidence;
		};
/* End PBXContainerItemProxy section */

/* Begin PBXFileReference section */
		00E356EE1AD99517003FC87E /* pakubuwonoresidenceTests.xctest */ = {isa = PBXFileReference; explicitFileType = wrapper.cfbundle; includeInIndex = 0; path = pakubuwonoresidenceTests.xctest; sourceTree = BUILT_PRODUCTS_DIR; };
		00E356F11AD99517003FC87E /* Info.plist */ = {isa = PBXFileReference; lastKnownFileType = text.plist.xml; path = Info.plist; sourceTree = "<group>"; };
		00E356F21AD99517003FC87E /* pakubuwonoresidenceTests.m */ = {isa = PBXFileReference; lastKnownFileType = sourcecode.c.objc; path = pakubuwonoresidenceTests.m; sourceTree = "<group>"; };
		11BE2F46AC4336046E9E49E6 /* libPods-pakubuwonoresidence-pakubuwonoresidenceTests.a */ = {isa = PBXFileReference; explicitFileType = archive.ar; includeInIndex = 0; path = "libPods-pakubuwonoresidence-pakubuwonoresidenceTests.a"; sourceTree = BUILT_PRODUCTS_DIR; };
		13B07F961A680F5B00A75B9A /* pakubuwonoresidence.app */ = {isa = PBXFileReference; explicitFileType = wrapper.application; includeInIndex = 0; path = pakubuwonoresidence.app; sourceTree = BUILT_PRODUCTS_DIR; };
		13B07FAF1A68108700A75B9A /* AppDelegate.h */ = {isa = PBXFileReference; fileEncoding = 4; lastKnownFileType = sourcecode.c.h; name = AppDelegate.h; path = pakubuwonoresidence/AppDelegate.h; sourceTree = "<group>"; };
		13B07FB01A68108700A75B9A /* AppDelegate.m */ = {isa = PBXFileReference; fileEncoding = 4; lastKnownFileType = sourcecode.c.objc; name = AppDelegate.m; path = pakubuwonoresidence/AppDelegate.m; sourceTree = "<group>"; };
		13B07FB51A68108700A75B9A /* Images.xcassets */ = {isa = PBXFileReference; lastKnownFileType = folder.assetcatalog; name = Images.xcassets; path = pakubuwonoresidence/Images.xcassets; sourceTree = "<group>"; };
		13B07FB61A68108700A75B9A /* Info.plist */ = {isa = PBXFileReference; fileEncoding = 4; lastKnownFileType = text.plist.xml; name = Info.plist; path = pakubuwonoresidence/Info.plist; sourceTree = "<group>"; };
		13B07FB71A68108700A75B9A /* main.m */ = {isa = PBXFileReference; fileEncoding = 4; lastKnownFileType = sourcecode.c.objc; name = main.m; path = pakubuwonoresidence/main.m; sourceTree = "<group>"; };
		18313D82F2C36B4EEC92408C /* Pods-pakubuwonoresidence.debug.xcconfig */ = {isa = PBXFileReference; includeInIndex = 1; lastKnownFileType = text.xcconfig; name = "Pods-pakubuwonoresidence.debug.xcconfig"; path = "Target Support Files/Pods-pakubuwonoresidence/Pods-pakubuwonoresidence.debug.xcconfig"; sourceTree = "<group>"; };
		3B889F5A280003A3008277F8 /* MyLibrary */ = {isa = PBXFileReference; lastKnownFileType = folder; name = MyLibrary; path = ../../../../Desktop/MyLibrary; sourceTree = "<group>"; };
		3B8912A53653E137E8A19476 /* Pods-pakubuwonoresidence.release.xcconfig */ = {isa = PBXFileReference; includeInIndex = 1; lastKnownFileType = text.xcconfig; name = "Pods-pakubuwonoresidence.release.xcconfig"; path = "Target Support Files/Pods-pakubuwonoresidence/Pods-pakubuwonoresidence.release.xcconfig"; sourceTree = "<group>"; };
		53CC1B343EC73D4C48FBBB03 /* Pods-pakubuwonoresidence-pakubuwonoresidenceTests.release.xcconfig */ = {isa = PBXFileReference; includeInIndex = 1; lastKnownFileType = text.xcconfig; name = "Pods-pakubuwonoresidence-pakubuwonoresidenceTests.release.xcconfig"; path = "Target Support Files/Pods-pakubuwonoresidence-pakubuwonoresidenceTests/Pods-pakubuwonoresidence-pakubuwonoresidenceTests.release.xcconfig"; sourceTree = "<group>"; };
		7562D30B15BC951012FA54F3 /* Pods-pakubuwonoresidence-pakubuwonoresidenceTests.debug.xcconfig */ = {isa = PBXFileReference; includeInIndex = 1; lastKnownFileType = text.xcconfig; name = "Pods-pakubuwonoresidence-pakubuwonoresidenceTests.debug.xcconfig"; path = "Target Support Files/Pods-pakubuwonoresidence-pakubuwonoresidenceTests/Pods-pakubuwonoresidence-pakubuwonoresidenceTests.debug.xcconfig"; sourceTree = "<group>"; };
		81AB9BB72411601600AC10FF /* LaunchScreen.storyboard */ = {isa = PBXFileReference; fileEncoding = 4; lastKnownFileType = file.storyboard; name = LaunchScreen.storyboard; path = pakubuwonoresidence/LaunchScreen.storyboard; sourceTree = "<group>"; };
		DFA28E7E09667F49B442824B /* libPods-pakubuwonoresidence.a */ = {isa = PBXFileReference; explicitFileType = archive.ar; includeInIndex = 0; path = "libPods-pakubuwonoresidence.a"; sourceTree = BUILT_PRODUCTS_DIR; };
		ED297162215061F000B7C4FE /* JavaScriptCore.framework */ = {isa = PBXFileReference; lastKnownFileType = wrapper.framework; name = JavaScriptCore.framework; path = System/Library/Frameworks/JavaScriptCore.framework; sourceTree = SDKROOT; };
		4A8B7654208247AF8AF624DD /* DMSerifDisplay-Regular.ttf */ = {isa = PBXFileReference; name = "DMSerifDisplay-Regular.ttf"; path = "../app/assets/fonts/DMSerifDisplay-Regular.ttf"; sourceTree = "<group>"; fileEncoding = undefined; lastKnownFileType = unknown; explicitFileType = undefined; includeInIndex = 0; };
		1B8D8AB5B75F4205B9A7B229 /* KaiseiHarunoUmi-Bold.ttf */ = {isa = PBXFileReference; name = "KaiseiHarunoUmi-Bold.ttf"; path = "../app/assets/fonts/KaiseiHarunoUmi-Bold.ttf"; sourceTree = "<group>"; fileEncoding = undefined; lastKnownFileType = unknown; explicitFileType = undefined; includeInIndex = 0; };
		20AEF7EF2A3341CDAC8D768A /* KaiseiHarunoUmi-Medium.ttf */ = {isa = PBXFileReference; name = "KaiseiHarunoUmi-Medium.ttf"; path = "../app/assets/fonts/KaiseiHarunoUmi-Medium.ttf"; sourceTree = "<group>"; fileEncoding = undefined; lastKnownFileType = unknown; explicitFileType = undefined; includeInIndex = 0; };
		A71AE94E31B04B4EA53D4078 /* KaiseiHarunoUmi-Regular.ttf */ = {isa = PBXFileReference; name = "KaiseiHarunoUmi-Regular.ttf"; path = "../app/assets/fonts/KaiseiHarunoUmi-Regular.ttf"; sourceTree = "<group>"; fileEncoding = undefined; lastKnownFileType = unknown; explicitFileType = undefined; includeInIndex = 0; };
		6A757785C7C94C03B6B05B6B /* Merriweather-Black.ttf */ = {isa = PBXFileReference; name = "Merriweather-Black.ttf"; path = "../app/assets/fonts/Merriweather-Black.ttf"; sourceTree = "<group>"; fileEncoding = undefined; lastKnownFileType = unknown; explicitFileType = undefined; includeInIndex = 0; };
		21C91F87A135400AA197EB33 /* Merriweather-BlackItalic.ttf */ = {isa = PBXFileReference; name = "Merriweather-BlackItalic.ttf"; path = "../app/assets/fonts/Merriweather-BlackItalic.ttf"; sourceTree = "<group>"; fileEncoding = undefined; lastKnownFileType = unknown; explicitFileType = undefined; includeInIndex = 0; };
		5FD9A2A8FC5045AB90AC526A /* Merriweather-Bold.ttf */ = {isa = PBXFileReference; name = "Merriweather-Bold.ttf"; path = "../app/assets/fonts/Merriweather-Bold.ttf"; sourceTree = "<group>"; fileEncoding = undefined; lastKnownFileType = unknown; explicitFileType = undefined; includeInIndex = 0; };
		A71A68D351E8461994334378 /* Merriweather-BoldItalic.ttf */ = {isa = PBXFileReference; name = "Merriweather-BoldItalic.ttf"; path = "../app/assets/fonts/Merriweather-BoldItalic.ttf"; sourceTree = "<group>"; fileEncoding = undefined; lastKnownFileType = unknown; explicitFileType = undefined; includeInIndex = 0; };
		DF306F8DAA4547F5AD472D20 /* Merriweather-Italic.ttf */ = {isa = PBXFileReference; name = "Merriweather-Italic.ttf"; path = "../app/assets/fonts/Merriweather-Italic.ttf"; sourceTree = "<group>"; fileEncoding = undefined; lastKnownFileType = unknown; explicitFileType = undefined; includeInIndex = 0; };
		DA8A7E08759642E880ADA049 /* Merriweather-Light.ttf */ = {isa = PBXFileReference; name = "Merriweather-Light.ttf"; path = "../app/assets/fonts/Merriweather-Light.ttf"; sourceTree = "<group>"; fileEncoding = undefined; lastKnownFileType = unknown; explicitFileType = undefined; includeInIndex = 0; };
		4919C43E01114C4BA93756C7 /* Merriweather-LightItalic.ttf */ = {isa = PBXFileReference; name = "Merriweather-LightItalic.ttf"; path = "../app/assets/fonts/Merriweather-LightItalic.ttf"; sourceTree = "<group>"; fileEncoding = undefined; lastKnownFileType = unknown; explicitFileType = undefined; includeInIndex = 0; };
		5ACDE40FE88C4C7C8DBAB558 /* Merriweather-Regular.ttf */ = {isa = PBXFileReference; name = "Merriweather-Regular.ttf"; path = "../app/assets/fonts/Merriweather-Regular.ttf"; sourceTree = "<group>"; fileEncoding = undefined; lastKnownFileType = unknown; explicitFileType = undefined; includeInIndex = 0; };
		0DA5FD19777E4004AEBFF1BC /* Proxima-NovaBold.ttf */ = {isa = PBXFileReference; name = "Proxima-NovaBold.ttf"; path = "../app/assets/fonts/Proxima-NovaBold.ttf"; sourceTree = "<group>"; fileEncoding = undefined; lastKnownFileType = unknown; explicitFileType = undefined; includeInIndex = 0; };
		D1363FE46D47498C87AD0B2A /* Proxima-NovaLight.ttf */ = {isa = PBXFileReference; name = "Proxima-NovaLight.ttf"; path = "../app/assets/fonts/Proxima-NovaLight.ttf"; sourceTree = "<group>"; fileEncoding = undefined; lastKnownFileType = unknown; explicitFileType = undefined; includeInIndex = 0; };
		02112336B344418682CA7895 /* Proxima-NovaReg.ttf */ = {isa = PBXFileReference; name = "Proxima-NovaReg.ttf"; path = "../app/assets/fonts/Proxima-NovaReg.ttf"; sourceTree = "<group>"; fileEncoding = undefined; lastKnownFileType = unknown; explicitFileType = undefined; includeInIndex = 0; };
		EE29BBCFF2FA4E149A687B48 /* ProximaNova-Black.otf */ = {isa = PBXFileReference; name = "ProximaNova-Black.otf"; path = "../app/assets/fonts/ProximaNova-Black.otf"; sourceTree = "<group>"; fileEncoding = undefined; lastKnownFileType = unknown; explicitFileType = undefined; includeInIndex = 0; };
		C0A1A2D5B5264EEC8E8E061D /* ProximaNova-Bold.otf */ = {isa = PBXFileReference; name = "ProximaNova-Bold.otf"; path = "../app/assets/fonts/ProximaNova-Bold.otf"; sourceTree = "<group>"; fileEncoding = undefined; lastKnownFileType = unknown; explicitFileType = undefined; includeInIndex = 0; };
		D5DC09F231824023BA418E8D /* ProximaNova-Extrabld.otf */ = {isa = PBXFileReference; name = "ProximaNova-Extrabld.otf"; path = "../app/assets/fonts/ProximaNova-Extrabld.otf"; sourceTree = "<group>"; fileEncoding = undefined; lastKnownFileType = unknown; explicitFileType = undefined; includeInIndex = 0; };
		68A3627FB92D47E9A0F70BA1 /* ProximaNova-Regular.otf */ = {isa = PBXFileReference; name = "ProximaNova-Regular.otf"; path = "../app/assets/fonts/ProximaNova-Regular.otf"; sourceTree = "<group>"; fileEncoding = undefined; lastKnownFileType = unknown; explicitFileType = undefined; includeInIndex = 0; };
		E6B2FD5C2D7E42228CAA7B2D /* ProximaNovaT-Thin.otf */ = {isa = PBXFileReference; name = "ProximaNovaT-Thin.otf"; path = "../app/assets/fonts/ProximaNovaT-Thin.otf"; sourceTree = "<group>"; fileEncoding = undefined; lastKnownFileType = unknown; explicitFileType = undefined; includeInIndex = 0; };
		D0AD024ECF87447494A18D45 /* Raleway-Black.ttf */ = {isa = PBXFileReference; name = "Raleway-Black.ttf"; path = "../app/assets/fonts/Raleway-Black.ttf"; sourceTree = "<group>"; fileEncoding = undefined; lastKnownFileType = unknown; explicitFileType = undefined; includeInIndex = 0; };
		E94146E89D5E40F286FFADFE /* Raleway-BlackItalic.ttf */ = {isa = PBXFileReference; name = "Raleway-BlackItalic.ttf"; path = "../app/assets/fonts/Raleway-BlackItalic.ttf"; sourceTree = "<group>"; fileEncoding = undefined; lastKnownFileType = unknown; explicitFileType = undefined; includeInIndex = 0; };
		7165701A5A2D4E2883A0A53E /* Raleway-Bold.ttf */ = {isa = PBXFileReference; name = "Raleway-Bold.ttf"; path = "../app/assets/fonts/Raleway-Bold.ttf"; sourceTree = "<group>"; fileEncoding = undefined; lastKnownFileType = unknown; explicitFileType = undefined; includeInIndex = 0; };
		08A0925402EF4904A30EB80B /* Raleway-BoldItalic.ttf */ = {isa = PBXFileReference; name = "Raleway-BoldItalic.ttf"; path = "../app/assets/fonts/Raleway-BoldItalic.ttf"; sourceTree = "<group>"; fileEncoding = undefined; lastKnownFileType = unknown; explicitFileType = undefined; includeInIndex = 0; };
		CABF4E34020B4A9FBEF3B866 /* Raleway-ExtraBold.ttf */ = {isa = PBXFileReference; name = "Raleway-ExtraBold.ttf"; path = "../app/assets/fonts/Raleway-ExtraBold.ttf"; sourceTree = "<group>"; fileEncoding = undefined; lastKnownFileType = unknown; explicitFileType = undefined; includeInIndex = 0; };
		494AD89E9C834706A8C19608 /* Raleway-ExtraBoldItalic.ttf */ = {isa = PBXFileReference; name = "Raleway-ExtraBoldItalic.ttf"; path = "../app/assets/fonts/Raleway-ExtraBoldItalic.ttf"; sourceTree = "<group>"; fileEncoding = undefined; lastKnownFileType = unknown; explicitFileType = undefined; includeInIndex = 0; };
		4A6F5780DBA948E1A7B9E0C0 /* Raleway-ExtraLight.ttf */ = {isa = PBXFileReference; name = "Raleway-ExtraLight.ttf"; path = "../app/assets/fonts/Raleway-ExtraLight.ttf"; sourceTree = "<group>"; fileEncoding = undefined; lastKnownFileType = unknown; explicitFileType = undefined; includeInIndex = 0; };
		335555491B5C4BA9AEDA20DD /* Raleway-ExtraLightItalic.ttf */ = {isa = PBXFileReference; name = "Raleway-ExtraLightItalic.ttf"; path = "../app/assets/fonts/Raleway-ExtraLightItalic.ttf"; sourceTree = "<group>"; fileEncoding = undefined; lastKnownFileType = unknown; explicitFileType = undefined; includeInIndex = 0; };
		3298B38C78784CF6806D7F9A /* Raleway-Italic.ttf */ = {isa = PBXFileReference; name = "Raleway-Italic.ttf"; path = "../app/assets/fonts/Raleway-Italic.ttf"; sourceTree = "<group>"; fileEncoding = undefined; lastKnownFileType = unknown; explicitFileType = undefined; includeInIndex = 0; };
		D7A2BFDD8D09488BB59079AD /* Raleway-Light.ttf */ = {isa = PBXFileReference; name = "Raleway-Light.ttf"; path = "../app/assets/fonts/Raleway-Light.ttf"; sourceTree = "<group>"; fileEncoding = undefined; lastKnownFileType = unknown; explicitFileType = undefined; includeInIndex = 0; };
		C45E9325DCBB49208C19AD50 /* Raleway-LightItalic.ttf */ = {isa = PBXFileReference; name = "Raleway-LightItalic.ttf"; path = "../app/assets/fonts/Raleway-LightItalic.ttf"; sourceTree = "<group>"; fileEncoding = undefined; lastKnownFileType = unknown; explicitFileType = undefined; includeInIndex = 0; };
		815E4BD3A7C14AFDA25B9A04 /* Raleway-Medium.ttf */ = {isa = PBXFileReference; name = "Raleway-Medium.ttf"; path = "../app/assets/fonts/Raleway-Medium.ttf"; sourceTree = "<group>"; fileEncoding = undefined; lastKnownFileType = unknown; explicitFileType = undefined; includeInIndex = 0; };
		E0D2B41B03DA4B27812A25BB /* Raleway-MediumItalic.ttf */ = {isa = PBXFileReference; name = "Raleway-MediumItalic.ttf"; path = "../app/assets/fonts/Raleway-MediumItalic.ttf"; sourceTree = "<group>"; fileEncoding = undefined; lastKnownFileType = unknown; explicitFileType = undefined; includeInIndex = 0; };
		A8E7ABD7E23A4866B435E724 /* Raleway-Regular.ttf */ = {isa = PBXFileReference; name = "Raleway-Regular.ttf"; path = "../app/assets/fonts/Raleway-Regular.ttf"; sourceTree = "<group>"; fileEncoding = undefined; lastKnownFileType = unknown; explicitFileType = undefined; includeInIndex = 0; };
		F531ECBFA2AC485E8D5B4071 /* Raleway-SemiBold.ttf */ = {isa = PBXFileReference; name = "Raleway-SemiBold.ttf"; path = "../app/assets/fonts/Raleway-SemiBold.ttf"; sourceTree = "<group>"; fileEncoding = undefined; lastKnownFileType = unknown; explicitFileType = undefined; includeInIndex = 0; };
		263D7279EAC34992A58C5126 /* Raleway-SemiBoldItalic.ttf */ = {isa = PBXFileReference; name = "Raleway-SemiBoldItalic.ttf"; path = "../app/assets/fonts/Raleway-SemiBoldItalic.ttf"; sourceTree = "<group>"; fileEncoding = undefined; lastKnownFileType = unknown; explicitFileType = undefined; includeInIndex = 0; };
		44E4B684F05147A4A5B4AC32 /* Raleway-Thin.ttf */ = {isa = PBXFileReference; name = "Raleway-Thin.ttf"; path = "../app/assets/fonts/Raleway-Thin.ttf"; sourceTree = "<group>"; fileEncoding = undefined; lastKnownFileType = unknown; explicitFileType = undefined; includeInIndex = 0; };
		2589237E06CC4BF6B7F0B8CC /* Raleway-ThinItalic.ttf */ = {isa = PBXFileReference; name = "Raleway-ThinItalic.ttf"; path = "../app/assets/fonts/Raleway-ThinItalic.ttf"; sourceTree = "<group>"; fileEncoding = undefined; lastKnownFileType = unknown; explicitFileType = undefined; includeInIndex = 0; };
		F6BCE51CC18143AFB3D85200 /* Roboto-Black.ttf */ = {isa = PBXFileReference; name = "Roboto-Black.ttf"; path = "../app/assets/fonts/Roboto-Black.ttf"; sourceTree = "<group>"; fileEncoding = undefined; lastKnownFileType = unknown; explicitFileType = undefined; includeInIndex = 0; };
		1A50382B1EB54CC0844DCD0F /* Roboto-BlackItalic.ttf */ = {isa = PBXFileReference; name = "Roboto-BlackItalic.ttf"; path = "../app/assets/fonts/Roboto-BlackItalic.ttf"; sourceTree = "<group>"; fileEncoding = undefined; lastKnownFileType = unknown; explicitFileType = undefined; includeInIndex = 0; };
		F543E82A6BBC4018A319BC76 /* Roboto-Bold.ttf */ = {isa = PBXFileReference; name = "Roboto-Bold.ttf"; path = "../app/assets/fonts/Roboto-Bold.ttf"; sourceTree = "<group>"; fileEncoding = undefined; lastKnownFileType = unknown; explicitFileType = undefined; includeInIndex = 0; };
		A8B1E6D50C3A4A0F8C088747 /* Roboto-BoldItalic.ttf */ = {isa = PBXFileReference; name = "Roboto-BoldItalic.ttf"; path = "../app/assets/fonts/Roboto-BoldItalic.ttf"; sourceTree = "<group>"; fileEncoding = undefined; lastKnownFileType = unknown; explicitFileType = undefined; includeInIndex = 0; };
		BCEC9BB911384CBFBC2A5B52 /* Roboto-Italic.ttf */ = {isa = PBXFileReference; name = "Roboto-Italic.ttf"; path = "../app/assets/fonts/Roboto-Italic.ttf"; sourceTree = "<group>"; fileEncoding = undefined; lastKnownFileType = unknown; explicitFileType = undefined; includeInIndex = 0; };
		3897D37EA8234077AD64754D /* Roboto-Light.ttf */ = {isa = PBXFileReference; name = "Roboto-Light.ttf"; path = "../app/assets/fonts/Roboto-Light.ttf"; sourceTree = "<group>"; fileEncoding = undefined; lastKnownFileType = unknown; explicitFileType = undefined; includeInIndex = 0; };
		D9B22F42BF6C42FF8CF3D7D9 /* Roboto-LightItalic.ttf */ = {isa = PBXFileReference; name = "Roboto-LightItalic.ttf"; path = "../app/assets/fonts/Roboto-LightItalic.ttf"; sourceTree = "<group>"; fileEncoding = undefined; lastKnownFileType = unknown; explicitFileType = undefined; includeInIndex = 0; };
		688D9A24362F491A8DD79DC9 /* Roboto-Medium.ttf */ = {isa = PBXFileReference; name = "Roboto-Medium.ttf"; path = "../app/assets/fonts/Roboto-Medium.ttf"; sourceTree = "<group>"; fileEncoding = undefined; lastKnownFileType = unknown; explicitFileType = undefined; includeInIndex = 0; };
		B8805172D9984F3891D3E643 /* Roboto-MediumItalic.ttf */ = {isa = PBXFileReference; name = "Roboto-MediumItalic.ttf"; path = "../app/assets/fonts/Roboto-MediumItalic.ttf"; sourceTree = "<group>"; fileEncoding = undefined; lastKnownFileType = unknown; explicitFileType = undefined; includeInIndex = 0; };
		441AB78FF32B467797711C3C /* Roboto-Regular.ttf */ = {isa = PBXFileReference; name = "Roboto-Regular.ttf"; path = "../app/assets/fonts/Roboto-Regular.ttf"; sourceTree = "<group>"; fileEncoding = undefined; lastKnownFileType = unknown; explicitFileType = undefined; includeInIndex = 0; };
		E61F9DF3433042C68613DEC1 /* Roboto-Thin.ttf */ = {isa = PBXFileReference; name = "Roboto-Thin.ttf"; path = "../app/assets/fonts/Roboto-Thin.ttf"; sourceTree = "<group>"; fileEncoding = undefined; lastKnownFileType = unknown; explicitFileType = undefined; includeInIndex = 0; };
		B0A830381851452A9F674519 /* Roboto-ThinItalic.ttf */ = {isa = PBXFileReference; name = "Roboto-ThinItalic.ttf"; path = "../app/assets/fonts/Roboto-ThinItalic.ttf"; sourceTree = "<group>"; fileEncoding = undefined; lastKnownFileType = unknown; explicitFileType = undefined; includeInIndex = 0; };
		5B748D8969AB45D48547E03F /* AntDesign.ttf */ = {isa = PBXFileReference; name = "AntDesign.ttf"; path = "../node_modules/react-native-vector-icons/Fonts/AntDesign.ttf"; sourceTree = "<group>"; fileEncoding = undefined; lastKnownFileType = unknown; explicitFileType = undefined; includeInIndex = 0; };
		A83DBC6121484A0CA416A824 /* Entypo.ttf */ = {isa = PBXFileReference; name = "Entypo.ttf"; path = "../node_modules/react-native-vector-icons/Fonts/Entypo.ttf"; sourceTree = "<group>"; fileEncoding = undefined; lastKnownFileType = unknown; explicitFileType = undefined; includeInIndex = 0; };
		5730E59C5F4C45209DF1BBFC /* EvilIcons.ttf */ = {isa = PBXFileReference; name = "EvilIcons.ttf"; path = "../node_modules/react-native-vector-icons/Fonts/EvilIcons.ttf"; sourceTree = "<group>"; fileEncoding = undefined; lastKnownFileType = unknown; explicitFileType = undefined; includeInIndex = 0; };
		3F08A6E1305B452296DE37D4 /* Feather.ttf */ = {isa = PBXFileReference; name = "Feather.ttf"; path = "../node_modules/react-native-vector-icons/Fonts/Feather.ttf"; sourceTree = "<group>"; fileEncoding = undefined; lastKnownFileType = unknown; explicitFileType = undefined; includeInIndex = 0; };
		B360B947D91541D692081B9E /* FontAwesome.ttf */ = {isa = PBXFileReference; name = "FontAwesome.ttf"; path = "../node_modules/react-native-vector-icons/Fonts/FontAwesome.ttf"; sourceTree = "<group>"; fileEncoding = undefined; lastKnownFileType = unknown; explicitFileType = undefined; includeInIndex = 0; };
		3BB74663E9F444CF82318DEB /* FontAwesome5_Brands.ttf */ = {isa = PBXFileReference; name = "FontAwesome5_Brands.ttf"; path = "../node_modules/react-native-vector-icons/Fonts/FontAwesome5_Brands.ttf"; sourceTree = "<group>"; fileEncoding = undefined; lastKnownFileType = unknown; explicitFileType = undefined; includeInIndex = 0; };
		FDE33A02B5DA47928417D2E4 /* FontAwesome5_Regular.ttf */ = {isa = PBXFileReference; name = "FontAwesome5_Regular.ttf"; path = "../node_modules/react-native-vector-icons/Fonts/FontAwesome5_Regular.ttf"; sourceTree = "<group>"; fileEncoding = undefined; lastKnownFileType = unknown; explicitFileType = undefined; includeInIndex = 0; };
		01C9F5F67E6B4D648437A136 /* FontAwesome5_Solid.ttf */ = {isa = PBXFileReference; name = "FontAwesome5_Solid.ttf"; path = "../node_modules/react-native-vector-icons/Fonts/FontAwesome5_Solid.ttf"; sourceTree = "<group>"; fileEncoding = undefined; lastKnownFileType = unknown; explicitFileType = undefined; includeInIndex = 0; };
		D2E1B7AF25EA4431B7F1DB5A /* Fontisto.ttf */ = {isa = PBXFileReference; name = "Fontisto.ttf"; path = "../node_modules/react-native-vector-icons/Fonts/Fontisto.ttf"; sourceTree = "<group>"; fileEncoding = undefined; lastKnownFileType = unknown; explicitFileType = undefined; includeInIndex = 0; };
		A0CD1A825C2142708D82FA13 /* Foundation.ttf */ = {isa = PBXFileReference; name = "Foundation.ttf"; path = "../node_modules/react-native-vector-icons/Fonts/Foundation.ttf"; sourceTree = "<group>"; fileEncoding = undefined; lastKnownFileType = unknown; explicitFileType = undefined; includeInIndex = 0; };
		09910D2670C940F4900396DF /* Ionicons.ttf */ = {isa = PBXFileReference; name = "Ionicons.ttf"; path = "../node_modules/react-native-vector-icons/Fonts/Ionicons.ttf"; sourceTree = "<group>"; fileEncoding = undefined; lastKnownFileType = unknown; explicitFileType = undefined; includeInIndex = 0; };
		F2A6DFDA1EA4417EB77D4713 /* MaterialCommunityIcons.ttf */ = {isa = PBXFileReference; name = "MaterialCommunityIcons.ttf"; path = "../node_modules/react-native-vector-icons/Fonts/MaterialCommunityIcons.ttf"; sourceTree = "<group>"; fileEncoding = undefined; lastKnownFileType = unknown; explicitFileType = undefined; includeInIndex = 0; };
		8366080028C045B792CDDC63 /* MaterialIcons.ttf */ = {isa = PBXFileReference; name = "MaterialIcons.ttf"; path = "../node_modules/react-native-vector-icons/Fonts/MaterialIcons.ttf"; sourceTree = "<group>"; fileEncoding = undefined; lastKnownFileType = unknown; explicitFileType = undefined; includeInIndex = 0; };
		D07B878E4C734AAE83B54C63 /* Octicons.ttf */ = {isa = PBXFileReference; name = "Octicons.ttf"; path = "../node_modules/react-native-vector-icons/Fonts/Octicons.ttf"; sourceTree = "<group>"; fileEncoding = undefined; lastKnownFileType = unknown; explicitFileType = undefined; includeInIndex = 0; };
		C857E5CB367F479CA115632F /* SimpleLineIcons.ttf */ = {isa = PBXFileReference; name = "SimpleLineIcons.ttf"; path = "../node_modules/react-native-vector-icons/Fonts/SimpleLineIcons.ttf"; sourceTree = "<group>"; fileEncoding = undefined; lastKnownFileType = unknown; explicitFileType = undefined; includeInIndex = 0; };
		C70EA676757548D482412D6A /* Zocial.ttf */ = {isa = PBXFileReference; name = "Zocial.ttf"; path = "../node_modules/react-native-vector-icons/Fonts/Zocial.ttf"; sourceTree = "<group>"; fileEncoding = undefined; lastKnownFileType = unknown; explicitFileType = undefined; includeInIndex = 0; };
/* End PBXFileReference section */

/* Begin PBXFrameworksBuildPhase section */
		00E356EB1AD99517003FC87E /* Frameworks */ = {
			isa = PBXFrameworksBuildPhase;
			buildActionMask = 2147483647;
			files = (
				A17A60A82F3C96B3FD2FCDE3 /* libPods-pakubuwonoresidence-pakubuwonoresidenceTests.a in Frameworks */,
			);
			runOnlyForDeploymentPostprocessing = 0;
		};
		13B07F8C1A680F5B00A75B9A /* Frameworks */ = {
			isa = PBXFrameworksBuildPhase;
			buildActionMask = 2147483647;
			files = (
				98E591BF351E076F11636698 /* libPods-pakubuwonoresidence.a in Frameworks */,
			);
			runOnlyForDeploymentPostprocessing = 0;
		};
/* End PBXFrameworksBuildPhase section */

/* Begin PBXGroup section */
		00E356EF1AD99517003FC87E /* pakubuwonoresidenceTests */ = {
			isa = PBXGroup;
			children = (
				00E356F21AD99517003FC87E /* pakubuwonoresidenceTests.m */,
				00E356F01AD99517003FC87E /* Supporting Files */,
			);
			path = pakubuwonoresidenceTests;
			sourceTree = "<group>";
		};
		00E356F01AD99517003FC87E /* Supporting Files */ = {
			isa = PBXGroup;
			children = (
				00E356F11AD99517003FC87E /* Info.plist */,
			);
			name = "Supporting Files";
			sourceTree = "<group>";
		};
		13B07FAE1A68108700A75B9A /* pakubuwonoresidence */ = {
			isa = PBXGroup;
			children = (
				13B07FAF1A68108700A75B9A /* AppDelegate.h */,
				13B07FB01A68108700A75B9A /* AppDelegate.m */,
				13B07FB51A68108700A75B9A /* Images.xcassets */,
				13B07FB61A68108700A75B9A /* Info.plist */,
				81AB9BB72411601600AC10FF /* LaunchScreen.storyboard */,
				13B07FB71A68108700A75B9A /* main.m */,
			);
			name = pakubuwonoresidence;
			sourceTree = "<group>";
		};
		2D16E6871FA4F8E400B85C8A /* Frameworks */ = {
			isa = PBXGroup;
			children = (
				ED297162215061F000B7C4FE /* JavaScriptCore.framework */,
				DFA28E7E09667F49B442824B /* libPods-pakubuwonoresidence.a */,
				11BE2F46AC4336046E9E49E6 /* libPods-pakubuwonoresidence-pakubuwonoresidenceTests.a */,
			);
			name = Frameworks;
			sourceTree = "<group>";
		};
		796FCD43BC2305E339D2E18D /* Pods */ = {
			isa = PBXGroup;
			children = (
				18313D82F2C36B4EEC92408C /* Pods-pakubuwonoresidence.debug.xcconfig */,
				3B8912A53653E137E8A19476 /* Pods-pakubuwonoresidence.release.xcconfig */,
				7562D30B15BC951012FA54F3 /* Pods-pakubuwonoresidence-pakubuwonoresidenceTests.debug.xcconfig */,
				53CC1B343EC73D4C48FBBB03 /* Pods-pakubuwonoresidence-pakubuwonoresidenceTests.release.xcconfig */,
			);
			path = Pods;
			sourceTree = "<group>";
		};
		832341AE1AAA6A7D00B99B32 /* Libraries */ = {
			isa = PBXGroup;
			children = (
			);
			name = Libraries;
			sourceTree = "<group>";
		};
		83CBB9F61A601CBA00E9B192 = {
			isa = PBXGroup;
			children = (
				3B889F5A280003A3008277F8 /* MyLibrary */,
				13B07FAE1A68108700A75B9A /* pakubuwonoresidence */,
				832341AE1AAA6A7D00B99B32 /* Libraries */,
				00E356EF1AD99517003FC87E /* pakubuwonoresidenceTests */,
				83CBBA001A601CBA00E9B192 /* Products */,
				2D16E6871FA4F8E400B85C8A /* Frameworks */,
				796FCD43BC2305E339D2E18D /* Pods */,
				EDFD3F38681749DEA9E1BA48 /* Resources */,
			);
			indentWidth = 2;
			sourceTree = "<group>";
			tabWidth = 2;
			usesTabs = 0;
		};
		83CBBA001A601CBA00E9B192 /* Products */ = {
			isa = PBXGroup;
			children = (
				13B07F961A680F5B00A75B9A /* pakubuwonoresidence.app */,
				00E356EE1AD99517003FC87E /* pakubuwonoresidenceTests.xctest */,
			);
			name = Products;
			sourceTree = "<group>";
		};
		EDFD3F38681749DEA9E1BA48 /* Resources */ = {
			isa = "PBXGroup";
			children = (
				4A8B7654208247AF8AF624DD /* DMSerifDisplay-Regular.ttf */,
				1B8D8AB5B75F4205B9A7B229 /* KaiseiHarunoUmi-Bold.ttf */,
				20AEF7EF2A3341CDAC8D768A /* KaiseiHarunoUmi-Medium.ttf */,
				A71AE94E31B04B4EA53D4078 /* KaiseiHarunoUmi-Regular.ttf */,
				6A757785C7C94C03B6B05B6B /* Merriweather-Black.ttf */,
				21C91F87A135400AA197EB33 /* Merriweather-BlackItalic.ttf */,
				5FD9A2A8FC5045AB90AC526A /* Merriweather-Bold.ttf */,
				A71A68D351E8461994334378 /* Merriweather-BoldItalic.ttf */,
				DF306F8DAA4547F5AD472D20 /* Merriweather-Italic.ttf */,
				DA8A7E08759642E880ADA049 /* Merriweather-Light.ttf */,
				4919C43E01114C4BA93756C7 /* Merriweather-LightItalic.ttf */,
				5ACDE40FE88C4C7C8DBAB558 /* Merriweather-Regular.ttf */,
				0DA5FD19777E4004AEBFF1BC /* Proxima-NovaBold.ttf */,
				D1363FE46D47498C87AD0B2A /* Proxima-NovaLight.ttf */,
				02112336B344418682CA7895 /* Proxima-NovaReg.ttf */,
				EE29BBCFF2FA4E149A687B48 /* ProximaNova-Black.otf */,
				C0A1A2D5B5264EEC8E8E061D /* ProximaNova-Bold.otf */,
				D5DC09F231824023BA418E8D /* ProximaNova-Extrabld.otf */,
				68A3627FB92D47E9A0F70BA1 /* ProximaNova-Regular.otf */,
				E6B2FD5C2D7E42228CAA7B2D /* ProximaNovaT-Thin.otf */,
				D0AD024ECF87447494A18D45 /* Raleway-Black.ttf */,
				E94146E89D5E40F286FFADFE /* Raleway-BlackItalic.ttf */,
				7165701A5A2D4E2883A0A53E /* Raleway-Bold.ttf */,
				08A0925402EF4904A30EB80B /* Raleway-BoldItalic.ttf */,
				CABF4E34020B4A9FBEF3B866 /* Raleway-ExtraBold.ttf */,
				494AD89E9C834706A8C19608 /* Raleway-ExtraBoldItalic.ttf */,
				4A6F5780DBA948E1A7B9E0C0 /* Raleway-ExtraLight.ttf */,
				335555491B5C4BA9AEDA20DD /* Raleway-ExtraLightItalic.ttf */,
				3298B38C78784CF6806D7F9A /* Raleway-Italic.ttf */,
				D7A2BFDD8D09488BB59079AD /* Raleway-Light.ttf */,
				C45E9325DCBB49208C19AD50 /* Raleway-LightItalic.ttf */,
				815E4BD3A7C14AFDA25B9A04 /* Raleway-Medium.ttf */,
				E0D2B41B03DA4B27812A25BB /* Raleway-MediumItalic.ttf */,
				A8E7ABD7E23A4866B435E724 /* Raleway-Regular.ttf */,
				F531ECBFA2AC485E8D5B4071 /* Raleway-SemiBold.ttf */,
				263D7279EAC34992A58C5126 /* Raleway-SemiBoldItalic.ttf */,
				44E4B684F05147A4A5B4AC32 /* Raleway-Thin.ttf */,
				2589237E06CC4BF6B7F0B8CC /* Raleway-ThinItalic.ttf */,
				F6BCE51CC18143AFB3D85200 /* Roboto-Black.ttf */,
				1A50382B1EB54CC0844DCD0F /* Roboto-BlackItalic.ttf */,
				F543E82A6BBC4018A319BC76 /* Roboto-Bold.ttf */,
				A8B1E6D50C3A4A0F8C088747 /* Roboto-BoldItalic.ttf */,
				BCEC9BB911384CBFBC2A5B52 /* Roboto-Italic.ttf */,
				3897D37EA8234077AD64754D /* Roboto-Light.ttf */,
				D9B22F42BF6C42FF8CF3D7D9 /* Roboto-LightItalic.ttf */,
				688D9A24362F491A8DD79DC9 /* Roboto-Medium.ttf */,
				B8805172D9984F3891D3E643 /* Roboto-MediumItalic.ttf */,
				441AB78FF32B467797711C3C /* Roboto-Regular.ttf */,
				E61F9DF3433042C68613DEC1 /* Roboto-Thin.ttf */,
				B0A830381851452A9F674519 /* Roboto-ThinItalic.ttf */,
				5B748D8969AB45D48547E03F /* AntDesign.ttf */,
				A83DBC6121484A0CA416A824 /* Entypo.ttf */,
				5730E59C5F4C45209DF1BBFC /* EvilIcons.ttf */,
				3F08A6E1305B452296DE37D4 /* Feather.ttf */,
				B360B947D91541D692081B9E /* FontAwesome.ttf */,
				3BB74663E9F444CF82318DEB /* FontAwesome5_Brands.ttf */,
				FDE33A02B5DA47928417D2E4 /* FontAwesome5_Regular.ttf */,
				01C9F5F67E6B4D648437A136 /* FontAwesome5_Solid.ttf */,
				D2E1B7AF25EA4431B7F1DB5A /* Fontisto.ttf */,
				A0CD1A825C2142708D82FA13 /* Foundation.ttf */,
				09910D2670C940F4900396DF /* Ionicons.ttf */,
				F2A6DFDA1EA4417EB77D4713 /* MaterialCommunityIcons.ttf */,
				8366080028C045B792CDDC63 /* MaterialIcons.ttf */,
				D07B878E4C734AAE83B54C63 /* Octicons.ttf */,
				C857E5CB367F479CA115632F /* SimpleLineIcons.ttf */,
				C70EA676757548D482412D6A /* Zocial.ttf */,
			);
			name = Resources;
			sourceTree = "<group>";
			path = "";
		};
/* End PBXGroup section */

/* Begin PBXNativeTarget section */
		00E356ED1AD99517003FC87E /* pakubuwonoresidenceTests */ = {
			isa = PBXNativeTarget;
			buildConfigurationList = 00E357021AD99517003FC87E /* Build configuration list for PBXNativeTarget "pakubuwonoresidenceTests" */;
			buildPhases = (
				AB7D3C11AC04D37AC3A997E1 /* [CP] Check Pods Manifest.lock */,
				00E356EA1AD99517003FC87E /* Sources */,
				00E356EB1AD99517003FC87E /* Frameworks */,
				00E356EC1AD99517003FC87E /* Resources */,
				F1C16537127714D710387A2E /* [CP] Embed Pods Frameworks */,
				0B66547DF281EA443EDA9260 /* [CP] Copy Pods Resources */,
			);
			buildRules = (
			);
			dependencies = (
				00E356F51AD99517003FC87E /* PBXTargetDependency */,
			);
			name = pakubuwonoresidenceTests;
			productName = pakubuwonoresidenceTests;
			productReference = 00E356EE1AD99517003FC87E /* pakubuwonoresidenceTests.xctest */;
			productType = "com.apple.product-type.bundle.unit-test";
		};
		13B07F861A680F5B00A75B9A /* pakubuwonoresidence */ = {
			isa = PBXNativeTarget;
			buildConfigurationList = 13B07F931A680F5B00A75B9A /* Build configuration list for PBXNativeTarget "pakubuwonoresidence" */;
			buildPhases = (
				8D1D6AA0752F47C1A8F70533 /* [CP] Check Pods Manifest.lock */,
				FD10A7F022414F080027D42C /* Start Packager */,
				13B07F871A680F5B00A75B9A /* Sources */,
				13B07F8C1A680F5B00A75B9A /* Frameworks */,
				13B07F8E1A680F5B00A75B9A /* Resources */,
				00DD1BFF1BD5951E006B06BC /* Bundle React Native code and images */,
				6F7172C3A0E8C3C4D8950D7B /* [CP] Embed Pods Frameworks */,
				F5481C2EBCF66B010BFCFCF7 /* [CP] Copy Pods Resources */,
				FEEF8D978E54D6F7B6F8B3F1 /* [CP-User] [RNFB] Core Configuration */,
			);
			buildRules = (
			);
			dependencies = (
			);
			name = pakubuwonoresidence;
			productName = pakubuwonoresidence;
			productReference = 13B07F961A680F5B00A75B9A /* pakubuwonoresidence.app */;
			productType = "com.apple.product-type.application";
		};
/* End PBXNativeTarget section */

/* Begin PBXProject section */
		83CBB9F71A601CBA00E9B192 /* Project object */ = {
			isa = PBXProject;
			attributes = {
				LastUpgradeCheck = 1210;
				TargetAttributes = {
					00E356ED1AD99517003FC87E = {
						CreatedOnToolsVersion = 6.2;
						TestTargetID = 13B07F861A680F5B00A75B9A;
					};
					13B07F861A680F5B00A75B9A = {
						LastSwiftMigration = 1120;
					};
				};
			};
			buildConfigurationList = 83CBB9FA1A601CBA00E9B192 /* Build configuration list for PBXProject "pakubuwonoresidence" */;
			compatibilityVersion = "Xcode 12.0";
			developmentRegion = en;
			hasScannedForEncodings = 0;
			knownRegions = (
				en,
				Base,
			);
			mainGroup = 83CBB9F61A601CBA00E9B192;
			productRefGroup = 83CBBA001A601CBA00E9B192 /* Products */;
			projectDirPath = "";
			projectRoot = "";
			targets = (
				13B07F861A680F5B00A75B9A /* pakubuwonoresidence */,
				00E356ED1AD99517003FC87E /* pakubuwonoresidenceTests */,
			);
		};
/* End PBXProject section */

/* Begin PBXResourcesBuildPhase section */
		00E356EC1AD99517003FC87E /* Resources */ = {
			isa = PBXResourcesBuildPhase;
			buildActionMask = 2147483647;
			files = (
			);
			runOnlyForDeploymentPostprocessing = 0;
		};
		13B07F8E1A680F5B00A75B9A /* Resources */ = {
			isa = PBXResourcesBuildPhase;
			buildActionMask = 2147483647;
			files = (
				81AB9BB82411601600AC10FF /* LaunchScreen.storyboard in Resources */,
				13B07FBF1A68108700A75B9A /* Images.xcassets in Resources */,
				E04811ED3BF94E1AB3C0C425 /* DMSerifDisplay-Regular.ttf in Resources */,
				F6E928868A774F1499DF48B2 /* KaiseiHarunoUmi-Bold.ttf in Resources */,
				55F06DD7D2F248A98134B545 /* KaiseiHarunoUmi-Medium.ttf in Resources */,
				8EBC583BB7C24321BA956B45 /* KaiseiHarunoUmi-Regular.ttf in Resources */,
				4ACFD91597C04AD3A8FD2FFD /* Merriweather-Black.ttf in Resources */,
				690E8C4E845B4D509EEC43CE /* Merriweather-BlackItalic.ttf in Resources */,
				C674B86BA6514D4AA4F4F93B /* Merriweather-Bold.ttf in Resources */,
				27C7853403D745AE8D313FA5 /* Merriweather-BoldItalic.ttf in Resources */,
				EE4309A8A9F2436AB43722C1 /* Merriweather-Italic.ttf in Resources */,
				9A37C9440EA74E1593C392BF /* Merriweather-Light.ttf in Resources */,
				315C660AACED4DFFAFAB53A6 /* Merriweather-LightItalic.ttf in Resources */,
				D6100F6592FA45A7B6C431B7 /* Merriweather-Regular.ttf in Resources */,
				229E1CBE0D0C4C89B15AEAE4 /* Proxima-NovaBold.ttf in Resources */,
				C9B670535FFB4C8EA6CB4E31 /* Proxima-NovaLight.ttf in Resources */,
				D37C5D76A76D41FC9AEFD908 /* Proxima-NovaReg.ttf in Resources */,
				3D5B6FD51A4846AFAE4B3266 /* ProximaNova-Black.otf in Resources */,
				E46E532A15254AD886F75553 /* ProximaNova-Bold.otf in Resources */,
				9AB4A57F538A4C4EB397C695 /* ProximaNova-Extrabld.otf in Resources */,
				641EB84B69DF43F28C745CFD /* ProximaNova-Regular.otf in Resources */,
				CCFCAF2922D7416BB6990AB4 /* ProximaNovaT-Thin.otf in Resources */,
				D30CF71DB3AB48AC83301AF0 /* Raleway-Black.ttf in Resources */,
				49D45CC5527C480783282CD1 /* Raleway-BlackItalic.ttf in Resources */,
				FB2BBF798F224DFF990621C6 /* Raleway-Bold.ttf in Resources */,
				C428E9117808451B8BA22518 /* Raleway-BoldItalic.ttf in Resources */,
				D665767A3F074DFF817A961A /* Raleway-ExtraBold.ttf in Resources */,
				002409D7D435455AB363B0AD /* Raleway-ExtraBoldItalic.ttf in Resources */,
				AB1B6DA709464603A35C35AB /* Raleway-ExtraLight.ttf in Resources */,
				315ED32F14D040728628473F /* Raleway-ExtraLightItalic.ttf in Resources */,
				CFCEDBEDA790431ABC20EF17 /* Raleway-Italic.ttf in Resources */,
				F02A1C9A1A3A4CDE9CB78CBF /* Raleway-Light.ttf in Resources */,
				96550CDD477D4A5999F9A719 /* Raleway-LightItalic.ttf in Resources */,
				F28EA1980DD746A0B220550B /* Raleway-Medium.ttf in Resources */,
				ED35F8FA635342BEBCB305C3 /* Raleway-MediumItalic.ttf in Resources */,
				0322476B2C944FD8B200C4DF /* Raleway-Regular.ttf in Resources */,
				B251A062D73C4DCEAF22620E /* Raleway-SemiBold.ttf in Resources */,
				791E2C2C9F6D4E0B85E9CD91 /* Raleway-SemiBoldItalic.ttf in Resources */,
				C6292A5347214F99AE31B827 /* Raleway-Thin.ttf in Resources */,
				5DCA792F4BE7406594790E79 /* Raleway-ThinItalic.ttf in Resources */,
				6DE2FEF9623345A292D28760 /* Roboto-Black.ttf in Resources */,
				B4ADC5523D2441F1BABFEB2E /* Roboto-BlackItalic.ttf in Resources */,
				33ECF3646AB441E8A2E066E3 /* Roboto-Bold.ttf in Resources */,
				795E049C3B614193BA0121A9 /* Roboto-BoldItalic.ttf in Resources */,
				34A85E3120324ADEA0E69493 /* Roboto-Italic.ttf in Resources */,
				6390EA0AC6A742DE8FEEA23E /* Roboto-Light.ttf in Resources */,
				7C8AEDCD7A834A0290C0D9B5 /* Roboto-LightItalic.ttf in Resources */,
				8333AAF10B3F43528EF833D4 /* Roboto-Medium.ttf in Resources */,
				DEDA06C8021C4E9B814D3495 /* Roboto-MediumItalic.ttf in Resources */,
				C99DDD24F8A24E0AA023BF6C /* Roboto-Regular.ttf in Resources */,
				E0F04FB9DAE2432EAC39F09F /* Roboto-Thin.ttf in Resources */,
				31C2BD2FB2EC4A69BEF31B75 /* Roboto-ThinItalic.ttf in Resources */,
				1AD952A9DE724B3CAEA8AE6B /* AntDesign.ttf in Resources */,
				8F033A53C244450BBA2FFB12 /* Entypo.ttf in Resources */,
				49C0FD799D264FBD973C2563 /* EvilIcons.ttf in Resources */,
				27F38AB4B9A24047BF8427AF /* Feather.ttf in Resources */,
				3C1FA6BF08F8471F884469CA /* FontAwesome.ttf in Resources */,
				5076910039F544C38B85504F /* FontAwesome5_Brands.ttf in Resources */,
				F2EC54DBCF194D3D800A481B /* FontAwesome5_Regular.ttf in Resources */,
				2CA3A90122FC437587E865A5 /* FontAwesome5_Solid.ttf in Resources */,
				D07994B8F24A4A2584DA5D06 /* Fontisto.ttf in Resources */,
				03AFBDB4B40D43ADA53F11BE /* Foundation.ttf in Resources */,
				54D8FEFF0ACB44889952ECDF /* Ionicons.ttf in Resources */,
				9D8092C554394A56A6CBA420 /* MaterialCommunityIcons.ttf in Resources */,
				9114AA05F28D477EAC1EC028 /* MaterialIcons.ttf in Resources */,
				9EDD76C607DF496CB68509CC /* Octicons.ttf in Resources */,
				EA9DDE2857D64CE79ABF62EA /* SimpleLineIcons.ttf in Resources */,
				195D9BDC2B534B4BAD1D9862 /* Zocial.ttf in Resources */,
			);
			runOnlyForDeploymentPostprocessing = 0;
		};
/* End PBXResourcesBuildPhase section */

/* Begin PBXShellScriptBuildPhase section */
		00DD1BFF1BD5951E006B06BC /* Bundle React Native code and images */ = {
			isa = PBXShellScriptBuildPhase;
			buildActionMask = 2147483647;
			files = (
			);
			inputPaths = (
			);
			name = "Bundle React Native code and images";
			outputPaths = (
			);
			runOnlyForDeploymentPostprocessing = 0;
			shellPath = /bin/sh;
			shellScript = "set -e\n\nexport NODE_BINARY=node\n../node_modules/react-native/scripts/react-native-xcode.sh\n";
		};
		0B66547DF281EA443EDA9260 /* [CP] Copy Pods Resources */ = {
			isa = PBXShellScriptBuildPhase;
			buildActionMask = 2147483647;
			files = (
			);
			inputFileListPaths = (
				"${PODS_ROOT}/Target Support Files/Pods-pakubuwonoresidence-pakubuwonoresidenceTests/Pods-pakubuwonoresidence-pakubuwonoresidenceTests-resources-${CONFIGURATION}-input-files.xcfilelist",
			);
			name = "[CP] Copy Pods Resources";
			outputFileListPaths = (
				"${PODS_ROOT}/Target Support Files/Pods-pakubuwonoresidence-pakubuwonoresidenceTests/Pods-pakubuwonoresidence-pakubuwonoresidenceTests-resources-${CONFIGURATION}-output-files.xcfilelist",
			);
			runOnlyForDeploymentPostprocessing = 0;
			shellPath = /bin/sh;
			shellScript = "\"${PODS_ROOT}/Target Support Files/Pods-pakubuwonoresidence-pakubuwonoresidenceTests/Pods-pakubuwonoresidence-pakubuwonoresidenceTests-resources.sh\"\n";
			showEnvVarsInLog = 0;
		};
		6F7172C3A0E8C3C4D8950D7B /* [CP] Embed Pods Frameworks */ = {
			isa = PBXShellScriptBuildPhase;
			buildActionMask = 2147483647;
			files = (
			);
			inputFileListPaths = (
				"${PODS_ROOT}/Target Support Files/Pods-pakubuwonoresidence/Pods-pakubuwonoresidence-frameworks-${CONFIGURATION}-input-files.xcfilelist",
			);
			name = "[CP] Embed Pods Frameworks";
			outputFileListPaths = (
				"${PODS_ROOT}/Target Support Files/Pods-pakubuwonoresidence/Pods-pakubuwonoresidence-frameworks-${CONFIGURATION}-output-files.xcfilelist",
			);
			runOnlyForDeploymentPostprocessing = 0;
			shellPath = /bin/sh;
			shellScript = "\"${PODS_ROOT}/Target Support Files/Pods-pakubuwonoresidence/Pods-pakubuwonoresidence-frameworks.sh\"\n";
			showEnvVarsInLog = 0;
		};
		8D1D6AA0752F47C1A8F70533 /* [CP] Check Pods Manifest.lock */ = {
			isa = PBXShellScriptBuildPhase;
			buildActionMask = 2147483647;
			files = (
			);
			inputFileListPaths = (
			);
			inputPaths = (
				"${PODS_PODFILE_DIR_PATH}/Podfile.lock",
				"${PODS_ROOT}/Manifest.lock",
			);
			name = "[CP] Check Pods Manifest.lock";
			outputFileListPaths = (
			);
			outputPaths = (
				"$(DERIVED_FILE_DIR)/Pods-pakubuwonoresidence-checkManifestLockResult.txt",
			);
			runOnlyForDeploymentPostprocessing = 0;
			shellPath = /bin/sh;
			shellScript = "diff \"${PODS_PODFILE_DIR_PATH}/Podfile.lock\" \"${PODS_ROOT}/Manifest.lock\" > /dev/null\nif [ $? != 0 ] ; then\n    # print error to STDERR\n    echo \"error: The sandbox is not in sync with the Podfile.lock. Run 'pod install' or update your CocoaPods installation.\" >&2\n    exit 1\nfi\n# This output is used by Xcode 'outputs' to avoid re-running this script phase.\necho \"SUCCESS\" > \"${SCRIPT_OUTPUT_FILE_0}\"\n";
			showEnvVarsInLog = 0;
		};
		AB7D3C11AC04D37AC3A997E1 /* [CP] Check Pods Manifest.lock */ = {
			isa = PBXShellScriptBuildPhase;
			buildActionMask = 2147483647;
			files = (
			);
			inputFileListPaths = (
			);
			inputPaths = (
				"${PODS_PODFILE_DIR_PATH}/Podfile.lock",
				"${PODS_ROOT}/Manifest.lock",
			);
			name = "[CP] Check Pods Manifest.lock";
			outputFileListPaths = (
			);
			outputPaths = (
				"$(DERIVED_FILE_DIR)/Pods-pakubuwonoresidence-pakubuwonoresidenceTests-checkManifestLockResult.txt",
			);
			runOnlyForDeploymentPostprocessing = 0;
			shellPath = /bin/sh;
			shellScript = "diff \"${PODS_PODFILE_DIR_PATH}/Podfile.lock\" \"${PODS_ROOT}/Manifest.lock\" > /dev/null\nif [ $? != 0 ] ; then\n    # print error to STDERR\n    echo \"error: The sandbox is not in sync with the Podfile.lock. Run 'pod install' or update your CocoaPods installation.\" >&2\n    exit 1\nfi\n# This output is used by Xcode 'outputs' to avoid re-running this script phase.\necho \"SUCCESS\" > \"${SCRIPT_OUTPUT_FILE_0}\"\n";
			showEnvVarsInLog = 0;
		};
		F1C16537127714D710387A2E /* [CP] Embed Pods Frameworks */ = {
			isa = PBXShellScriptBuildPhase;
			buildActionMask = 2147483647;
			files = (
			);
			inputFileListPaths = (
				"${PODS_ROOT}/Target Support Files/Pods-pakubuwonoresidence-pakubuwonoresidenceTests/Pods-pakubuwonoresidence-pakubuwonoresidenceTests-frameworks-${CONFIGURATION}-input-files.xcfilelist",
			);
			name = "[CP] Embed Pods Frameworks";
			outputFileListPaths = (
				"${PODS_ROOT}/Target Support Files/Pods-pakubuwonoresidence-pakubuwonoresidenceTests/Pods-pakubuwonoresidence-pakubuwonoresidenceTests-frameworks-${CONFIGURATION}-output-files.xcfilelist",
			);
			runOnlyForDeploymentPostprocessing = 0;
			shellPath = /bin/sh;
			shellScript = "\"${PODS_ROOT}/Target Support Files/Pods-pakubuwonoresidence-pakubuwonoresidenceTests/Pods-pakubuwonoresidence-pakubuwonoresidenceTests-frameworks.sh\"\n";
			showEnvVarsInLog = 0;
		};
		F5481C2EBCF66B010BFCFCF7 /* [CP] Copy Pods Resources */ = {
			isa = PBXShellScriptBuildPhase;
			buildActionMask = 2147483647;
			files = (
			);
			inputFileListPaths = (
				"${PODS_ROOT}/Target Support Files/Pods-pakubuwonoresidence/Pods-pakubuwonoresidence-resources-${CONFIGURATION}-input-files.xcfilelist",
			);
			name = "[CP] Copy Pods Resources";
			outputFileListPaths = (
				"${PODS_ROOT}/Target Support Files/Pods-pakubuwonoresidence/Pods-pakubuwonoresidence-resources-${CONFIGURATION}-output-files.xcfilelist",
			);
			runOnlyForDeploymentPostprocessing = 0;
			shellPath = /bin/sh;
			shellScript = "\"${PODS_ROOT}/Target Support Files/Pods-pakubuwonoresidence/Pods-pakubuwonoresidence-resources.sh\"\n";
			showEnvVarsInLog = 0;
		};
		FD10A7F022414F080027D42C /* Start Packager */ = {
			isa = PBXShellScriptBuildPhase;
			buildActionMask = 2147483647;
			files = (
			);
			inputFileListPaths = (
			);
			inputPaths = (
			);
			name = "Start Packager";
			outputFileListPaths = (
			);
			outputPaths = (
			);
			runOnlyForDeploymentPostprocessing = 0;
			shellPath = /bin/sh;
			shellScript = "export RCT_METRO_PORT=\"${RCT_METRO_PORT:=8081}\"\necho \"export RCT_METRO_PORT=${RCT_METRO_PORT}\" > \"${SRCROOT}/../node_modules/react-native/scripts/.packager.env\"\nif [ -z \"${RCT_NO_LAUNCH_PACKAGER+xxx}\" ] ; then\n  if nc -w 5 -z localhost ${RCT_METRO_PORT} ; then\n    if ! curl -s \"http://localhost:${RCT_METRO_PORT}/status\" | grep -q \"packager-status:running\" ; then\n      echo \"Port ${RCT_METRO_PORT} already in use, packager is either not running or not running correctly\"\n      exit 2\n    fi\n  else\n    open \"$SRCROOT/../node_modules/react-native/scripts/launchPackager.command\" || echo \"Can't start packager automatically\"\n  fi\nfi\n";
			showEnvVarsInLog = 0;
		};
		FEEF8D978E54D6F7B6F8B3F1 /* [CP-User] [RNFB] Core Configuration */ = {
			isa = PBXShellScriptBuildPhase;
			buildActionMask = 2147483647;
			files = (
			);
			inputPaths = (
				"$(BUILT_PRODUCTS_DIR)/$(INFOPLIST_PATH)",
			);
			name = "[CP-User] [RNFB] Core Configuration";
			runOnlyForDeploymentPostprocessing = 0;
			shellPath = /bin/sh;
			shellScript = "#!/usr/bin/env bash\n#\n# Copyright (c) 2016-present Invertase Limited & Contributors\n#\n# Licensed under the Apache License, Version 2.0 (the \"License\");\n# you may not use this library except in compliance with the License.\n# You may obtain a copy of the License at\n#\n#   http://www.apache.org/licenses/LICENSE-2.0\n#\n# Unless required by applicable law or agreed to in writing, software\n# distributed under the License is distributed on an \"AS IS\" BASIS,\n# WITHOUT WARRANTIES OR CONDITIONS OF ANY KIND, either express or implied.\n# See the License for the specific language governing permissions and\n# limitations under the License.\n#\nset -e\n\n_MAX_LOOKUPS=2;\n_SEARCH_RESULT=''\n_RN_ROOT_EXISTS=''\n_CURRENT_LOOKUPS=1\n_JSON_ROOT=\"'react-native'\"\n_JSON_FILE_NAME='firebase.json'\n_JSON_OUTPUT_BASE64='e30=' # { }\n_CURRENT_SEARCH_DIR=${PROJECT_DIR}\n_PLIST_BUDDY=/usr/libexec/PlistBuddy\n_TARGET_PLIST=\"${BUILT_PRODUCTS_DIR}/${INFOPLIST_PATH}\"\n_DSYM_PLIST=\"${DWARF_DSYM_FOLDER_PATH}/${DWARF_DSYM_FILE_NAME}/Contents/Info.plist\"\n\n# plist arrays\n_PLIST_ENTRY_KEYS=()\n_PLIST_ENTRY_TYPES=()\n_PLIST_ENTRY_VALUES=()\n\nfunction setPlistValue {\n  echo \"info:      setting plist entry '$1' of type '$2' in file '$4'\"\n  ${_PLIST_BUDDY} -c \"Add :$1 $2 '$3'\" $4 || echo \"info:      '$1' already exists\"\n}\n\nfunction getFirebaseJsonKeyValue () {\n  if [[ ${_RN_ROOT_EXISTS} ]]; then\n    ruby -e \"require 'rubygems';require 'json'; output=JSON.parse('$1'); puts output[$_JSON_ROOT]['$2']\"\n  else\n    echo \"\"\n  fi;\n}\n\nfunction jsonBoolToYesNo () {\n  if [[ $1 == \"false\" ]]; then\n    echo \"NO\"\n  elif [[ $1 == \"true\" ]]; then\n    echo \"YES\"\n  else echo \"NO\"\n  fi\n}\n\necho \"info: -> RNFB build script started\"\necho \"info: 1) Locating ${_JSON_FILE_NAME} file:\"\n\nif [[ -z ${_CURRENT_SEARCH_DIR} ]]; then\n  _CURRENT_SEARCH_DIR=$(pwd)\nfi;\n\nwhile true; do\n  _CURRENT_SEARCH_DIR=$(dirname \"$_CURRENT_SEARCH_DIR\")\n  if [[ \"$_CURRENT_SEARCH_DIR\" == \"/\" ]] || [[ ${_CURRENT_LOOKUPS} -gt ${_MAX_LOOKUPS} ]]; then break; fi;\n  echo \"info:      ($_CURRENT_LOOKUPS of $_MAX_LOOKUPS) Searching in '$_CURRENT_SEARCH_DIR' for a ${_JSON_FILE_NAME} file.\"\n  _SEARCH_RESULT=$(find \"$_CURRENT_SEARCH_DIR\" -maxdepth 2 -name ${_JSON_FILE_NAME} -print | /usr/bin/head -n 1)\n  if [[ ${_SEARCH_RESULT} ]]; then\n    echo \"info:      ${_JSON_FILE_NAME} found at $_SEARCH_RESULT\"\n    break;\n  fi;\n  _CURRENT_LOOKUPS=$((_CURRENT_LOOKUPS+1))\ndone\n\nif [[ ${_SEARCH_RESULT} ]]; then\n  _JSON_OUTPUT_RAW=$(cat \"${_SEARCH_RESULT}\")\n  _RN_ROOT_EXISTS=$(ruby -e \"require 'rubygems';require 'json'; output=JSON.parse('$_JSON_OUTPUT_RAW'); puts output[$_JSON_ROOT]\" || echo '')\n\n  if [[ ${_RN_ROOT_EXISTS} ]]; then\n    _JSON_OUTPUT_BASE64=$(python -c 'import json,sys,base64;print(base64.b64encode(json.dumps(json.loads(open('\"'${_SEARCH_RESULT}'\"').read())['${_JSON_ROOT}'])))' || echo \"e30=\")\n  fi\n\n  _PLIST_ENTRY_KEYS+=(\"firebase_json_raw\")\n  _PLIST_ENTRY_TYPES+=(\"string\")\n  _PLIST_ENTRY_VALUES+=(\"$_JSON_OUTPUT_BASE64\")\n\n  # config.app_data_collection_default_enabled\n  _APP_DATA_COLLECTION_ENABLED=$(getFirebaseJsonKeyValue \"$_JSON_OUTPUT_RAW\" \"app_data_collection_default_enabled\")\n  if [[ $_APP_DATA_COLLECTION_ENABLED ]]; then\n    _PLIST_ENTRY_KEYS+=(\"FirebaseDataCollectionDefaultEnabled\")\n    _PLIST_ENTRY_TYPES+=(\"bool\")\n    _PLIST_ENTRY_VALUES+=(\"$(jsonBoolToYesNo \"$_APP_DATA_COLLECTION_ENABLED\")\")\n  fi\n\n  # config.analytics_auto_collection_enabled\n  _ANALYTICS_AUTO_COLLECTION=$(getFirebaseJsonKeyValue \"$_JSON_OUTPUT_RAW\" \"analytics_auto_collection_enabled\")\n  if [[ $_ANALYTICS_AUTO_COLLECTION ]]; then\n    _PLIST_ENTRY_KEYS+=(\"FIREBASE_ANALYTICS_COLLECTION_ENABLED\")\n    _PLIST_ENTRY_TYPES+=(\"bool\")\n    _PLIST_ENTRY_VALUES+=(\"$(jsonBoolToYesNo \"$_ANALYTICS_AUTO_COLLECTION\")\")\n  fi\n\n  # config.analytics_collection_deactivated\n  _ANALYTICS_DEACTIVATED=$(getFirebaseJsonKeyValue \"$_JSON_OUTPUT_RAW\" \"analytics_collection_deactivated\")\n  if [[ $_ANALYTICS_DEACTIVATED ]]; then\n    _PLIST_ENTRY_KEYS+=(\"FIREBASE_ANALYTICS_COLLECTION_DEACTIVATED\")\n    _PLIST_ENTRY_TYPES+=(\"bool\")\n    _PLIST_ENTRY_VALUES+=(\"$(jsonBoolToYesNo \"$_ANALYTICS_DEACTIVATED\")\")\n  fi\n\n  # config.analytics_idfv_collection_enabled\n  _ANALYTICS_IDFV_COLLECTION=$(getFirebaseJsonKeyValue \"$_JSON_OUTPUT_RAW\" \"analytics_idfv_collection_enabled\")\n  if [[ $_ANALYTICS_IDFV_COLLECTION ]]; then\n    _PLIST_ENTRY_KEYS+=(\"GOOGLE_ANALYTICS_IDFV_COLLECTION_ENABLED\")\n    _PLIST_ENTRY_TYPES+=(\"bool\")\n    _PLIST_ENTRY_VALUES+=(\"$(jsonBoolToYesNo \"$_ANALYTICS_IDFV_COLLECTION\")\")\n  fi\n\n  # config.analytics_default_allow_ad_personalization_signals\n  _ANALYTICS_PERSONALIZATION=$(getFirebaseJsonKeyValue \"$_JSON_OUTPUT_RAW\" \"analytics_default_allow_ad_personalization_signals\")\n  if [[ $_ANALYTICS_PERSONALIZATION ]]; then\n    _PLIST_ENTRY_KEYS+=(\"GOOGLE_ANALYTICS_DEFAULT_ALLOW_AD_PERSONALIZATION_SIGNALS\")\n    _PLIST_ENTRY_TYPES+=(\"bool\")\n    _PLIST_ENTRY_VALUES+=(\"$(jsonBoolToYesNo \"$_ANALYTICS_PERSONALIZATION\")\")\n  fi\n\n  # config.google_analytics_automatic_screen_reporting_enabled\n  _ANALYTICS_AUTO_SCREEN_REPORTING=$(getFirebaseJsonKeyValue \"$_JSON_OUTPUT_RAW\" \"google_analytics_automatic_screen_reporting_enabled\")\n  if [[ $_ANALYTICS_AUTO_SCREEN_REPORTING ]]; then\n    _PLIST_ENTRY_KEYS+=(\"FirebaseAutomaticScreenReportingEnabled\")\n    _PLIST_ENTRY_TYPES+=(\"bool\")\n    _PLIST_ENTRY_VALUES+=(\"$(jsonBoolToYesNo \"$_ANALYTICS_AUTO_SCREEN_REPORTING\")\")\n  fi\n\n  # config.perf_auto_collection_enabled\n  _PERF_AUTO_COLLECTION=$(getFirebaseJsonKeyValue \"$_JSON_OUTPUT_RAW\" \"perf_auto_collection_enabled\")\n  if [[ $_PERF_AUTO_COLLECTION ]]; then\n    _PLIST_ENTRY_KEYS+=(\"firebase_performance_collection_enabled\")\n    _PLIST_ENTRY_TYPES+=(\"bool\")\n    _PLIST_ENTRY_VALUES+=(\"$(jsonBoolToYesNo \"$_PERF_AUTO_COLLECTION\")\")\n  fi\n\n  # config.perf_collection_deactivated\n  _PERF_DEACTIVATED=$(getFirebaseJsonKeyValue \"$_JSON_OUTPUT_RAW\" \"perf_collection_deactivated\")\n  if [[ $_PERF_DEACTIVATED ]]; then\n    _PLIST_ENTRY_KEYS+=(\"firebase_performance_collection_deactivated\")\n    _PLIST_ENTRY_TYPES+=(\"bool\")\n    _PLIST_ENTRY_VALUES+=(\"$(jsonBoolToYesNo \"$_PERF_DEACTIVATED\")\")\n  fi\n\n  # config.messaging_auto_init_enabled\n  _MESSAGING_AUTO_INIT=$(getFirebaseJsonKeyValue \"$_JSON_OUTPUT_RAW\" \"messaging_auto_init_enabled\")\n  if [[ $_MESSAGING_AUTO_INIT ]]; then\n    _PLIST_ENTRY_KEYS+=(\"FirebaseMessagingAutoInitEnabled\")\n    _PLIST_ENTRY_TYPES+=(\"bool\")\n    _PLIST_ENTRY_VALUES+=(\"$(jsonBoolToYesNo \"$_MESSAGING_AUTO_INIT\")\")\n  fi\n\n  # config.in_app_messaging_auto_colllection_enabled\n  _FIAM_AUTO_INIT=$(getFirebaseJsonKeyValue \"$_JSON_OUTPUT_RAW\" \"in_app_messaging_auto_collection_enabled\")\n  if [[ $_FIAM_AUTO_INIT ]]; then\n    _PLIST_ENTRY_KEYS+=(\"FirebaseInAppMessagingAutomaticDataCollectionEnabled\")\n    _PLIST_ENTRY_TYPES+=(\"bool\")\n    _PLIST_ENTRY_VALUES+=(\"$(jsonBoolToYesNo \"$_FIAM_AUTO_INIT\")\")\n  fi\n\n  # config.app_check_token_auto_refresh\n  _APP_CHECK_TOKEN_AUTO_REFRESH=$(getFirebaseJsonKeyValue \"$_JSON_OUTPUT_RAW\" \"app_check_token_auto_refresh\")\n  if [[ $_APP_CHECK_TOKEN_AUTO_REFRESH ]]; then\n    _PLIST_ENTRY_KEYS+=(\"FirebaseAppCheckTokenAutoRefreshEnabled\")\n    _PLIST_ENTRY_TYPES+=(\"bool\")\n    _PLIST_ENTRY_VALUES+=(\"$(jsonBoolToYesNo \"$_APP_CHECK_TOKEN_AUTO_REFRESH\")\")\n  fi\n\n  # config.crashlytics_disable_auto_disabler - undocumented for now - mainly for debugging, document if becomes useful\n  _CRASHLYTICS_AUTO_DISABLE_ENABLED=$(getFirebaseJsonKeyValue \"$_JSON_OUTPUT_RAW\" \"crashlytics_disable_auto_disabler\")\n  if [[ $_CRASHLYTICS_AUTO_DISABLE_ENABLED == \"true\" ]]; then\n    echo \"Disabled Crashlytics auto disabler.\" # do nothing\n  else\n    _PLIST_ENTRY_KEYS+=(\"FirebaseCrashlyticsCollectionEnabled\")\n    _PLIST_ENTRY_TYPES+=(\"bool\")\n    _PLIST_ENTRY_VALUES+=(\"NO\")\n  fi\nelse\n  _PLIST_ENTRY_KEYS+=(\"firebase_json_raw\")\n  _PLIST_ENTRY_TYPES+=(\"string\")\n  _PLIST_ENTRY_VALUES+=(\"$_JSON_OUTPUT_BASE64\")\n  echo \"warning:   A firebase.json file was not found, whilst this file is optional it is recommended to include it to configure firebase services in React Native Firebase.\"\nfi;\n\necho \"info: 2) Injecting Info.plist entries: \"\n\n# Log out the keys we're adding\nfor i in \"${!_PLIST_ENTRY_KEYS[@]}\"; do\n  echo \"    ->  $i) ${_PLIST_ENTRY_KEYS[$i]}\" \"${_PLIST_ENTRY_TYPES[$i]}\" \"${_PLIST_ENTRY_VALUES[$i]}\"\ndone\n\nfor plist in \"${_TARGET_PLIST}\" \"${_DSYM_PLIST}\" ; do\n  if [[ -f \"${plist}\" ]]; then\n\n    # paths with spaces break the call to setPlistValue. temporarily modify\n    # the shell internal field separator variable (IFS), which normally\n    # includes spaces, to consist only of line breaks\n    oldifs=$IFS\n    IFS=\"\n\"\n\n    for i in \"${!_PLIST_ENTRY_KEYS[@]}\"; do\n      setPlistValue \"${_PLIST_ENTRY_KEYS[$i]}\" \"${_PLIST_ENTRY_TYPES[$i]}\" \"${_PLIST_ENTRY_VALUES[$i]}\" \"${plist}\"\n    done\n\n    # restore the original internal field separator value\n    IFS=$oldifs\n  else\n    echo \"warning:   A Info.plist build output file was not found (${plist})\"\n  fi\ndone\n\necho \"info: <- RNFB build script finished\"\n";
		};
/* End PBXShellScriptBuildPhase section */

/* Begin PBXSourcesBuildPhase section */
		00E356EA1AD99517003FC87E /* Sources */ = {
			isa = PBXSourcesBuildPhase;
			buildActionMask = 2147483647;
			files = (
				00E356F31AD99517003FC87E /* pakubuwonoresidenceTests.m in Sources */,
			);
			runOnlyForDeploymentPostprocessing = 0;
		};
		13B07F871A680F5B00A75B9A /* Sources */ = {
			isa = PBXSourcesBuildPhase;
			buildActionMask = 2147483647;
			files = (
				13B07FBC1A68108700A75B9A /* AppDelegate.m in Sources */,
				13B07FC11A68108700A75B9A /* main.m in Sources */,
			);
			runOnlyForDeploymentPostprocessing = 0;
		};
/* End PBXSourcesBuildPhase section */

/* Begin PBXTargetDependency section */
		00E356F51AD99517003FC87E /* PBXTargetDependency */ = {
			isa = PBXTargetDependency;
			target = 13B07F861A680F5B00A75B9A /* pakubuwonoresidence */;
			targetProxy = 00E356F41AD99517003FC87E /* PBXContainerItemProxy */;
		};
/* End PBXTargetDependency section */

/* Begin XCBuildConfiguration section */
		00E356F61AD99517003FC87E /* Debug */ = {
			isa = XCBuildConfiguration;
			baseConfigurationReference = 7562D30B15BC951012FA54F3 /* Pods-pakubuwonoresidence-pakubuwonoresidenceTests.debug.xcconfig */;
			buildSettings = {
				BUNDLE_LOADER = "$(TEST_HOST)";
				GCC_PREPROCESSOR_DEFINITIONS = (
					"DEBUG=1",
					"$(inherited)",
				);
				INFOPLIST_FILE = pakubuwonoresidenceTests/Info.plist;
				IPHONEOS_DEPLOYMENT_TARGET = 10.0;
				LD_RUNPATH_SEARCH_PATHS = (
					"$(inherited)",
					"@executable_path/Frameworks",
					"@loader_path/Frameworks",
				);
				OTHER_LDFLAGS = (
					"-ObjC",
					"-lc++",
					"$(inherited)",
				);
				PRODUCT_BUNDLE_IDENTIFIER = "org.reactjs.native.example.$(PRODUCT_NAME:rfc1034identifier)";
				PRODUCT_NAME = "$(TARGET_NAME)";
				TEST_HOST = "$(BUILT_PRODUCTS_DIR)/pakubuwonoresidence.app/pakubuwonoresidence";
			};
			name = Debug;
		};
		00E356F71AD99517003FC87E /* Release */ = {
			isa = XCBuildConfiguration;
			baseConfigurationReference = 53CC1B343EC73D4C48FBBB03 /* Pods-pakubuwonoresidence-pakubuwonoresidenceTests.release.xcconfig */;
			buildSettings = {
				BUNDLE_LOADER = "$(TEST_HOST)";
				COPY_PHASE_STRIP = NO;
				INFOPLIST_FILE = pakubuwonoresidenceTests/Info.plist;
				IPHONEOS_DEPLOYMENT_TARGET = 10.0;
				LD_RUNPATH_SEARCH_PATHS = (
					"$(inherited)",
					"@executable_path/Frameworks",
					"@loader_path/Frameworks",
				);
				OTHER_LDFLAGS = (
					"-ObjC",
					"-lc++",
					"$(inherited)",
				);
				PRODUCT_BUNDLE_IDENTIFIER = "org.reactjs.native.example.$(PRODUCT_NAME:rfc1034identifier)";
				PRODUCT_NAME = "$(TARGET_NAME)";
				TEST_HOST = "$(BUILT_PRODUCTS_DIR)/pakubuwonoresidence.app/pakubuwonoresidence";
			};
			name = Release;
		};
		13B07F941A680F5B00A75B9A /* Debug */ = {
			isa = XCBuildConfiguration;
			baseConfigurationReference = 18313D82F2C36B4EEC92408C /* Pods-pakubuwonoresidence.debug.xcconfig */;
			buildSettings = {
				ASSETCATALOG_COMPILER_APPICON_NAME = AppIcon;
				CLANG_ENABLE_MODULES = YES;
				CURRENT_PROJECT_VERSION = 1;
				ENABLE_BITCODE = NO;
				INFOPLIST_FILE = pakubuwonoresidence/Info.plist;
				IPHONEOS_DEPLOYMENT_TARGET = 11.0;
				LD_RUNPATH_SEARCH_PATHS = (
					"$(inherited)",
					"@executable_path/Frameworks",
				);
				OTHER_LDFLAGS = (
					"$(inherited)",
					"-ObjC",
					"-lc++",
				);
				PRODUCT_BUNDLE_IDENTIFIER = "org.reactjs.native.example.$(PRODUCT_NAME:rfc1034identifier)";
				PRODUCT_NAME = pakubuwonoresidence;
				SWIFT_OPTIMIZATION_LEVEL = "-Onone";
				SWIFT_VERSION = 5.0;
				VERSIONING_SYSTEM = "apple-generic";
			};
			name = Debug;
		};
		13B07F951A680F5B00A75B9A /* Release */ = {
			isa = XCBuildConfiguration;
			baseConfigurationReference = 3B8912A53653E137E8A19476 /* Pods-pakubuwonoresidence.release.xcconfig */;
			buildSettings = {
				ASSETCATALOG_COMPILER_APPICON_NAME = AppIcon;
				CLANG_ENABLE_MODULES = YES;
				CURRENT_PROJECT_VERSION = 1;
				INFOPLIST_FILE = pakubuwonoresidence/Info.plist;
				IPHONEOS_DEPLOYMENT_TARGET = 11.0;
				LD_RUNPATH_SEARCH_PATHS = (
					"$(inherited)",
					"@executable_path/Frameworks",
				);
				OTHER_LDFLAGS = (
					"$(inherited)",
					"-ObjC",
					"-lc++",
				);
				PRODUCT_BUNDLE_IDENTIFIER = "org.reactjs.native.example.$(PRODUCT_NAME:rfc1034identifier)";
				PRODUCT_NAME = pakubuwonoresidence;
				SWIFT_VERSION = 5.0;
				VERSIONING_SYSTEM = "apple-generic";
			};
			name = Release;
		};
		83CBBA201A601CBA00E9B192 /* Debug */ = {
			isa = XCBuildConfiguration;
			buildSettings = {
				ALWAYS_EMBED_SWIFT_STANDARD_LIBRARIES = YES;
				ALWAYS_SEARCH_USER_PATHS = NO;
				CLANG_ANALYZER_LOCALIZABILITY_NONLOCALIZED = YES;
				CLANG_CXX_LANGUAGE_STANDARD = "gnu++0x";
				CLANG_CXX_LIBRARY = "libc++";
				CLANG_ENABLE_MODULES = YES;
				CLANG_ENABLE_OBJC_ARC = YES;
				CLANG_WARN_BLOCK_CAPTURE_AUTORELEASING = YES;
				CLANG_WARN_BOOL_CONVERSION = YES;
				CLANG_WARN_COMMA = YES;
				CLANG_WARN_CONSTANT_CONVERSION = YES;
				CLANG_WARN_DEPRECATED_OBJC_IMPLEMENTATIONS = YES;
				CLANG_WARN_DIRECT_OBJC_ISA_USAGE = YES_ERROR;
				CLANG_WARN_EMPTY_BODY = YES;
				CLANG_WARN_ENUM_CONVERSION = YES;
				CLANG_WARN_INFINITE_RECURSION = YES;
				CLANG_WARN_INT_CONVERSION = YES;
				CLANG_WARN_NON_LITERAL_NULL_CONVERSION = YES;
				CLANG_WARN_OBJC_IMPLICIT_RETAIN_SELF = YES;
				CLANG_WARN_OBJC_LITERAL_CONVERSION = YES;
				CLANG_WARN_OBJC_ROOT_CLASS = YES_ERROR;
				CLANG_WARN_QUOTED_INCLUDE_IN_FRAMEWORK_HEADER = YES;
				CLANG_WARN_RANGE_LOOP_ANALYSIS = YES;
				CLANG_WARN_STRICT_PROTOTYPES = YES;
				CLANG_WARN_SUSPICIOUS_MOVE = YES;
				CLANG_WARN_UNREACHABLE_CODE = YES;
				CLANG_WARN__DUPLICATE_METHOD_MATCH = YES;
				"CODE_SIGN_IDENTITY[sdk=iphoneos*]" = "iPhone Developer";
				COPY_PHASE_STRIP = NO;
				ENABLE_BITCODE = NO;
				ENABLE_STRICT_OBJC_MSGSEND = YES;
				ENABLE_TESTABILITY = YES;
				"EXCLUDED_ARCHS[sdk=iphonesimulator*]" = "arm64 ";
				GCC_C_LANGUAGE_STANDARD = gnu99;
				GCC_DYNAMIC_NO_PIC = NO;
				GCC_NO_COMMON_BLOCKS = NO;
				GCC_OPTIMIZATION_LEVEL = 0;
				GCC_PREPROCESSOR_DEFINITIONS = (
					"DEBUG=1",
					"$(inherited)",
				);
				GCC_SYMBOLS_PRIVATE_EXTERN = NO;
				GCC_WARN_64_TO_32_BIT_CONVERSION = YES;
				GCC_WARN_ABOUT_RETURN_TYPE = YES_ERROR;
				GCC_WARN_UNDECLARED_SELECTOR = YES;
				GCC_WARN_UNINITIALIZED_AUTOS = YES_AGGRESSIVE;
				GCC_WARN_UNUSED_FUNCTION = YES;
				GCC_WARN_UNUSED_VARIABLE = YES;
				IPHONEOS_DEPLOYMENT_TARGET = 12.1;
				LD_RUNPATH_SEARCH_PATHS = (
					/usr/lib/swift,
					"$(inherited)",
				);
				LIBRARY_SEARCH_PATHS = (
					"\"$(TOOLCHAIN_DIR)/usr/lib/swift/$(PLATFORM_NAME)\"",
					"\"$(TOOLCHAIN_DIR)/usr/lib/swift-5.0/$(PLATFORM_NAME)\"",
					"\"$(inherited)\"",
				);
				MTL_ENABLE_DEBUG_INFO = YES;
				ONLY_ACTIVE_ARCH = NO;
				SDKROOT = iphoneos;
			};
			name = Debug;
		};
		83CBBA211A601CBA00E9B192 /* Release */ = {
			isa = XCBuildConfiguration;
			buildSettings = {
				ALWAYS_EMBED_SWIFT_STANDARD_LIBRARIES = YES;
				ALWAYS_SEARCH_USER_PATHS = NO;
				CLANG_ANALYZER_LOCALIZABILITY_NONLOCALIZED = YES;
				CLANG_CXX_LANGUAGE_STANDARD = "gnu++0x";
				CLANG_CXX_LIBRARY = "libc++";
				CLANG_ENABLE_MODULES = YES;
				CLANG_ENABLE_OBJC_ARC = YES;
				CLANG_WARN_BLOCK_CAPTURE_AUTORELEASING = YES;
				CLANG_WARN_BOOL_CONVERSION = YES;
				CLANG_WARN_COMMA = YES;
				CLANG_WARN_CONSTANT_CONVERSION = YES;
				CLANG_WARN_DEPRECATED_OBJC_IMPLEMENTATIONS = YES;
				CLANG_WARN_DIRECT_OBJC_ISA_USAGE = YES_ERROR;
				CLANG_WARN_EMPTY_BODY = YES;
				CLANG_WARN_ENUM_CONVERSION = YES;
				CLANG_WARN_INFINITE_RECURSION = YES;
				CLANG_WARN_INT_CONVERSION = YES;
				CLANG_WARN_NON_LITERAL_NULL_CONVERSION = YES;
				CLANG_WARN_OBJC_IMPLICIT_RETAIN_SELF = YES;
				CLANG_WARN_OBJC_LITERAL_CONVERSION = YES;
				CLANG_WARN_OBJC_ROOT_CLASS = YES_ERROR;
				CLANG_WARN_QUOTED_INCLUDE_IN_FRAMEWORK_HEADER = YES;
				CLANG_WARN_RANGE_LOOP_ANALYSIS = YES;
				CLANG_WARN_STRICT_PROTOTYPES = YES;
				CLANG_WARN_SUSPICIOUS_MOVE = YES;
				CLANG_WARN_UNREACHABLE_CODE = YES;
				CLANG_WARN__DUPLICATE_METHOD_MATCH = YES;
				"CODE_SIGN_IDENTITY[sdk=iphoneos*]" = "iPhone Developer";
				COPY_PHASE_STRIP = YES;
				ENABLE_BITCODE = NO;
				ENABLE_NS_ASSERTIONS = NO;
				ENABLE_STRICT_OBJC_MSGSEND = YES;
				"EXCLUDED_ARCHS[sdk=iphonesimulator*]" = "arm64 ";
				GCC_C_LANGUAGE_STANDARD = gnu99;
				GCC_NO_COMMON_BLOCKS = NO;
				GCC_WARN_64_TO_32_BIT_CONVERSION = YES;
				GCC_WARN_ABOUT_RETURN_TYPE = YES_ERROR;
				GCC_WARN_UNDECLARED_SELECTOR = YES;
				GCC_WARN_UNINITIALIZED_AUTOS = YES_AGGRESSIVE;
				GCC_WARN_UNUSED_FUNCTION = YES;
				GCC_WARN_UNUSED_VARIABLE = YES;
				IPHONEOS_DEPLOYMENT_TARGET = 12.1;
				LD_RUNPATH_SEARCH_PATHS = (
					/usr/lib/swift,
					"$(inherited)",
				);
				LIBRARY_SEARCH_PATHS = (
					"\"$(TOOLCHAIN_DIR)/usr/lib/swift/$(PLATFORM_NAME)\"",
					"\"$(TOOLCHAIN_DIR)/usr/lib/swift-5.0/$(PLATFORM_NAME)\"",
					"\"$(inherited)\"",
				);
				MTL_ENABLE_DEBUG_INFO = NO;
				SDKROOT = iphoneos;
				VALIDATE_PRODUCT = YES;
			};
			name = Release;
		};
/* End XCBuildConfiguration section */

/* Begin XCConfigurationList section */
		00E357021AD99517003FC87E /* Build configuration list for PBXNativeTarget "pakubuwonoresidenceTests" */ = {
			isa = XCConfigurationList;
			buildConfigurations = (
				00E356F61AD99517003FC87E /* Debug */,
				00E356F71AD99517003FC87E /* Release */,
			);
			defaultConfigurationIsVisible = 0;
			defaultConfigurationName = Release;
		};
		13B07F931A680F5B00A75B9A /* Build configuration list for PBXNativeTarget "pakubuwonoresidence" */ = {
			isa = XCConfigurationList;
			buildConfigurations = (
				13B07F941A680F5B00A75B9A /* Debug */,
				13B07F951A680F5B00A75B9A /* Release */,
			);
			defaultConfigurationIsVisible = 0;
			defaultConfigurationName = Release;
		};
		83CBB9FA1A601CBA00E9B192 /* Build configuration list for PBXProject "pakubuwonoresidence" */ = {
			isa = XCConfigurationList;
			buildConfigurations = (
				83CBBA201A601CBA00E9B192 /* Debug */,
				83CBBA211A601CBA00E9B192 /* Release */,
			);
			defaultConfigurationIsVisible = 0;
			defaultConfigurationName = Release;
		};
/* End XCConfigurationList section */
	};
	rootObject = 83CBB9F71A601CBA00E9B192 /* Project object */;
}
